// !$*UTF8*$!
{
	archiveVersion = 1;
	classes = {
	};
	objectVersion = 51;
	objects = {

/* Begin PBXBuildFile section */
		5D5FCE4E5E5801EEDE2A6C5E /* Pods_FirebaseTest.framework in Frameworks */ = {isa = PBXBuildFile; fileRef = 3152759BA113ED608D94CE99 /* Pods_FirebaseTest.framework */; };
		FB69131D26B1495200F8710D /* AppDelegate.swift in Sources */ = {isa = PBXBuildFile; fileRef = FB69131C26B1495200F8710D /* AppDelegate.swift */; };
		FB69131F26B1495200F8710D /* SceneDelegate.swift in Sources */ = {isa = PBXBuildFile; fileRef = FB69131E26B1495200F8710D /* SceneDelegate.swift */; };
		FB69132126B1495200F8710D /* ViewController.swift in Sources */ = {isa = PBXBuildFile; fileRef = FB69132026B1495200F8710D /* ViewController.swift */; };
		FB69132426B1495200F8710D /* Main.storyboard in Resources */ = {isa = PBXBuildFile; fileRef = FB69132226B1495200F8710D /* Main.storyboard */; };
		FB69132626B1495300F8710D /* Assets.xcassets in Resources */ = {isa = PBXBuildFile; fileRef = FB69132526B1495300F8710D /* Assets.xcassets */; };
		FB69132926B1495300F8710D /* LaunchScreen.storyboard in Resources */ = {isa = PBXBuildFile; fileRef = FB69132726B1495300F8710D /* LaunchScreen.storyboard */; };
		FB69133126B149B800F8710D /* GoogleService-Info.plist in Resources */ = {isa = PBXBuildFile; fileRef = FB69133026B149B800F8710D /* GoogleService-Info.plist */; };
		FBC7E48B26B155530045DB0B /* APIManager.swift in Sources */ = {isa = PBXBuildFile; fileRef = FBC7E48A26B155530045DB0B /* APIManager.swift */; };
		FBC7E48D26B156690045DB0B /* Document.swift in Sources */ = {isa = PBXBuildFile; fileRef = FBC7E48C26B156690045DB0B /* Document.swift */; };
/* End PBXBuildFile section */

/* Begin PBXFileReference section */
		3152759BA113ED608D94CE99 /* Pods_FirebaseTest.framework */ = {isa = PBXFileReference; explicitFileType = wrapper.framework; includeInIndex = 0; path = Pods_FirebaseTest.framework; sourceTree = BUILT_PRODUCTS_DIR; };
		5436DEAF06E83C2E4D69EAF8 /* Pods-FirebaseTest.release.xcconfig */ = {isa = PBXFileReference; includeInIndex = 1; lastKnownFileType = text.xcconfig; name = "Pods-FirebaseTest.release.xcconfig"; path = "Target Support Files/Pods-FirebaseTest/Pods-FirebaseTest.release.xcconfig"; sourceTree = "<group>"; };
		EDF32140100D4377B96331C0 /* Pods-FirebaseTest.debug.xcconfig */ = {isa = PBXFileReference; includeInIndex = 1; lastKnownFileType = text.xcconfig; name = "Pods-FirebaseTest.debug.xcconfig"; path = "Target Support Files/Pods-FirebaseTest/Pods-FirebaseTest.debug.xcconfig"; sourceTree = "<group>"; };
		FB69131926B1495200F8710D /* FirebaseTest.app */ = {isa = PBXFileReference; explicitFileType = wrapper.application; includeInIndex = 0; path = FirebaseTest.app; sourceTree = BUILT_PRODUCTS_DIR; };
		FB69131C26B1495200F8710D /* AppDelegate.swift */ = {isa = PBXFileReference; lastKnownFileType = sourcecode.swift; path = AppDelegate.swift; sourceTree = "<group>"; };
		FB69131E26B1495200F8710D /* SceneDelegate.swift */ = {isa = PBXFileReference; lastKnownFileType = sourcecode.swift; path = SceneDelegate.swift; sourceTree = "<group>"; };
		FB69132026B1495200F8710D /* ViewController.swift */ = {isa = PBXFileReference; lastKnownFileType = sourcecode.swift; path = ViewController.swift; sourceTree = "<group>"; };
		FB69132326B1495200F8710D /* Base */ = {isa = PBXFileReference; lastKnownFileType = file.storyboard; name = Base; path = Base.lproj/Main.storyboard; sourceTree = "<group>"; };
		FB69132526B1495300F8710D /* Assets.xcassets */ = {isa = PBXFileReference; lastKnownFileType = folder.assetcatalog; path = Assets.xcassets; sourceTree = "<group>"; };
		FB69132826B1495300F8710D /* Base */ = {isa = PBXFileReference; lastKnownFileType = file.storyboard; name = Base; path = Base.lproj/LaunchScreen.storyboard; sourceTree = "<group>"; };
		FB69132A26B1495300F8710D /* Info.plist */ = {isa = PBXFileReference; lastKnownFileType = text.plist.xml; path = Info.plist; sourceTree = "<group>"; };
		FB69133026B149B800F8710D /* GoogleService-Info.plist */ = {isa = PBXFileReference; fileEncoding = 4; lastKnownFileType = text.plist.xml; path = "GoogleService-Info.plist"; sourceTree = "<group>"; };
		FBC7E48A26B155530045DB0B /* APIManager.swift */ = {isa = PBXFileReference; lastKnownFileType = sourcecode.swift; path = APIManager.swift; sourceTree = "<group>"; };
		FBC7E48C26B156690045DB0B /* Document.swift */ = {isa = PBXFileReference; lastKnownFileType = sourcecode.swift; path = Document.swift; sourceTree = "<group>"; };
/* End PBXFileReference section */

/* Begin PBXFrameworksBuildPhase section */
		FB69131626B1495200F8710D /* Frameworks */ = {
			isa = PBXFrameworksBuildPhase;
			buildActionMask = 2147483647;
			files = (
				5D5FCE4E5E5801EEDE2A6C5E /* Pods_FirebaseTest.framework in Frameworks */,
			);
			runOnlyForDeploymentPostprocessing = 0;
		};
/* End PBXFrameworksBuildPhase section */

/* Begin PBXGroup section */
		BAD39E4981D7A5A75007F8A3 /* Pods */ = {
			isa = PBXGroup;
			children = (
				EDF32140100D4377B96331C0 /* Pods-FirebaseTest.debug.xcconfig */,
				5436DEAF06E83C2E4D69EAF8 /* Pods-FirebaseTest.release.xcconfig */,
			);
			path = Pods;
			sourceTree = "<group>";
		};
		E5D2D4AC97FDAB4FE9CA653F /* Frameworks */ = {
			isa = PBXGroup;
			children = (
				3152759BA113ED608D94CE99 /* Pods_FirebaseTest.framework */,
			);
			name = Frameworks;
			sourceTree = "<group>";
		};
		FB69131026B1495200F8710D = {
			isa = PBXGroup;
			children = (
				FB69131B26B1495200F8710D /* FirebaseTest */,
				FB69131A26B1495200F8710D /* Products */,
				BAD39E4981D7A5A75007F8A3 /* Pods */,
				E5D2D4AC97FDAB4FE9CA653F /* Frameworks */,
			);
			sourceTree = "<group>";
		};
		FB69131A26B1495200F8710D /* Products */ = {
			isa = PBXGroup;
			children = (
				FB69131926B1495200F8710D /* FirebaseTest.app */,
			);
			name = Products;
			sourceTree = "<group>";
		};
		FB69131B26B1495200F8710D /* FirebaseTest */ = {
			isa = PBXGroup;
			children = (
				FB69131C26B1495200F8710D /* AppDelegate.swift */,
				FB69131E26B1495200F8710D /* SceneDelegate.swift */,
				FB69132026B1495200F8710D /* ViewController.swift */,
				FB69132226B1495200F8710D /* Main.storyboard */,
				FB69132526B1495300F8710D /* Assets.xcassets */,
				FB69132726B1495300F8710D /* LaunchScreen.storyboard */,
				FB69132A26B1495300F8710D /* Info.plist */,
				FB69133026B149B800F8710D /* GoogleService-Info.plist */,
				FBC7E48A26B155530045DB0B /* APIManager.swift */,
				FBC7E48C26B156690045DB0B /* Document.swift */,
			);
			path = FirebaseTest;
			sourceTree = "<group>";
		};
/* End PBXGroup section */

/* Begin PBXNativeTarget section */
		FB69131826B1495200F8710D /* FirebaseTest */ = {
			isa = PBXNativeTarget;
			buildConfigurationList = FB69132D26B1495300F8710D /* Build configuration list for PBXNativeTarget "FirebaseTest" */;
			buildPhases = (
				7F2EB520C620990392EF1D24 /* [CP] Check Pods Manifest.lock */,
				FB69131526B1495200F8710D /* Sources */,
				FB69131626B1495200F8710D /* Frameworks */,
				FB69131726B1495200F8710D /* Resources */,
				8046050925416F2B634C78D6 /* [CP] Embed Pods Frameworks */,
			);
			buildRules = (
			);
			dependencies = (
			);
			name = FirebaseTest;
			productName = FirebaseTest;
			productReference = FB69131926B1495200F8710D /* FirebaseTest.app */;
			productType = "com.apple.product-type.application";
		};
/* End PBXNativeTarget section */

/* Begin PBXProject section */
		FB69131126B1495200F8710D /* Project object */ = {
			isa = PBXProject;
			attributes = {
				LastSwiftUpdateCheck = 1250;
				LastUpgradeCheck = 1250;
				TargetAttributes = {
					FB69131826B1495200F8710D = {
						CreatedOnToolsVersion = 12.5.1;
					};
				};
			};
			buildConfigurationList = FB69131426B1495200F8710D /* Build configuration list for PBXProject "FirebaseTest" */;
			compatibilityVersion = "Xcode 9.3";
			developmentRegion = en;
			hasScannedForEncodings = 0;
			knownRegions = (
				en,
				Base,
			);
			mainGroup = FB69131026B1495200F8710D;
			productRefGroup = FB69131A26B1495200F8710D /* Products */;
			projectDirPath = "";
			projectRoot = "";
			targets = (
				FB69131826B1495200F8710D /* FirebaseTest */,
			);
		};
/* End PBXProject section */

/* Begin PBXResourcesBuildPhase section */
		FB69131726B1495200F8710D /* Resources */ = {
			isa = PBXResourcesBuildPhase;
			buildActionMask = 2147483647;
			files = (
				FB69132926B1495300F8710D /* LaunchScreen.storyboard in Resources */,
				FB69133126B149B800F8710D /* GoogleService-Info.plist in Resources */,
				FB69132626B1495300F8710D /* Assets.xcassets in Resources */,
				FB69132426B1495200F8710D /* Main.storyboard in Resources */,
			);
			runOnlyForDeploymentPostprocessing = 0;
		};
/* End PBXResourcesBuildPhase section */

/* Begin PBXShellScriptBuildPhase section */
		7F2EB520C620990392EF1D24 /* [CP] Check Pods Manifest.lock */ = {
			isa = PBXShellScriptBuildPhase;
			buildActionMask = 2147483647;
			files = (
			);
			inputFileListPaths = (
			);
			inputPaths = (
				"${PODS_PODFILE_DIR_PATH}/Podfile.lock",
				"${PODS_ROOT}/Manifest.lock",
			);
			name = "[CP] Check Pods Manifest.lock";
			outputFileListPaths = (
			);
			outputPaths = (
				"$(DERIVED_FILE_DIR)/Pods-FirebaseTest-checkManifestLockResult.txt",
			);
			runOnlyForDeploymentPostprocessing = 0;
			shellPath = /bin/sh;
			shellScript = "diff \"${PODS_PODFILE_DIR_PATH}/Podfile.lock\" \"${PODS_ROOT}/Manifest.lock\" > /dev/null\nif [ $? != 0 ] ; then\n    # print error to STDERR\n    echo \"error: The sandbox is not in sync with the Podfile.lock. Run 'pod install' or update your CocoaPods installation.\" >&2\n    exit 1\nfi\n# This output is used by Xcode 'outputs' to avoid re-running this script phase.\necho \"SUCCESS\" > \"${SCRIPT_OUTPUT_FILE_0}\"\n";
			showEnvVarsInLog = 0;
		};
		8046050925416F2B634C78D6 /* [CP] Embed Pods Frameworks */ = {
			isa = PBXShellScriptBuildPhase;
			buildActionMask = 2147483647;
			files = (
			);
			inputFileListPaths = (
				"${PODS_ROOT}/Target Support Files/Pods-FirebaseTest/Pods-FirebaseTest-frameworks-${CONFIGURATION}-input-files.xcfilelist",
			);
			name = "[CP] Embed Pods Frameworks";
			outputFileListPaths = (
				"${PODS_ROOT}/Target Support Files/Pods-FirebaseTest/Pods-FirebaseTest-frameworks-${CONFIGURATION}-output-files.xcfilelist",
			);
			runOnlyForDeploymentPostprocessing = 0;
			shellPath = /bin/sh;
			shellScript = "\"${PODS_ROOT}/Target Support Files/Pods-FirebaseTest/Pods-FirebaseTest-frameworks.sh\"\n";
			showEnvVarsInLog = 0;
		};
/* End PBXShellScriptBuildPhase section */

/* Begin PBXSourcesBuildPhase section */
		FB69131526B1495200F8710D /* Sources */ = {
			isa = PBXSourcesBuildPhase;
			buildActionMask = 2147483647;
			files = (
				FBC7E48B26B155530045DB0B /* APIManager.swift in Sources */,
				FB69132126B1495200F8710D /* ViewController.swift in Sources */,
				FB69131D26B1495200F8710D /* AppDelegate.swift in Sources */,
				FB69131F26B1495200F8710D /* SceneDelegate.swift in Sources */,
				FBC7E48D26B156690045DB0B /* Document.swift in Sources */,
			);
			runOnlyForDeploymentPostprocessing = 0;
		};
/* End PBXSourcesBuildPhase section */

/* Begin PBXVariantGroup section */
		FB69132226B1495200F8710D /* Main.storyboard */ = {
			isa = PBXVariantGroup;
			children = (
				FB69132326B1495200F8710D /* Base */,
			);
			name = Main.storyboard;
			sourceTree = "<group>";
		};
		FB69132726B1495300F8710D /* LaunchScreen.storyboard */ = {
			isa = PBXVariantGroup;
			children = (
				FB69132826B1495300F8710D /* Base */,
			);
			name = LaunchScreen.storyboard;
			sourceTree = "<group>";
		};
/* End PBXVariantGroup section */

/* Begin XCBuildConfiguration section */
		FB69132B26B1495300F8710D /* Debug */ = {
			isa = XCBuildConfiguration;
			buildSettings = {
				ALWAYS_SEARCH_USER_PATHS = NO;
				CLANG_ANALYZER_NONNULL = YES;
				CLANG_ANALYZER_NUMBER_OBJECT_CONVERSION = YES_AGGRESSIVE;
				CLANG_CXX_LANGUAGE_STANDARD = "gnu++14";
				CLANG_CXX_LIBRARY = "libc++";
				CLANG_ENABLE_MODULES = YES;
				CLANG_ENABLE_OBJC_ARC = YES;
				CLANG_ENABLE_OBJC_WEAK = YES;
				CLANG_WARN_BLOCK_CAPTURE_AUTORELEASING = YES;
				CLANG_WARN_BOOL_CONVERSION = YES;
				CLANG_WARN_COMMA = YES;
				CLANG_WARN_CONSTANT_CONVERSION = YES;
				CLANG_WARN_DEPRECATED_OBJC_IMPLEMENTATIONS = YES;
				CLANG_WARN_DIRECT_OBJC_ISA_USAGE = YES_ERROR;
				CLANG_WARN_DOCUMENTATION_COMMENTS = YES;
				CLANG_WARN_EMPTY_BODY = YES;
				CLANG_WARN_ENUM_CONVERSION = YES;
				CLANG_WARN_INFINITE_RECURSION = YES;
				CLANG_WARN_INT_CONVERSION = YES;
				CLANG_WARN_NON_LITERAL_NULL_CONVERSION = YES;
				CLANG_WARN_OBJC_IMPLICIT_RETAIN_SELF = YES;
				CLANG_WARN_OBJC_LITERAL_CONVERSION = YES;
				CLANG_WARN_OBJC_ROOT_CLASS = YES_ERROR;
				CLANG_WARN_QUOTED_INCLUDE_IN_FRAMEWORK_HEADER = YES;
				CLANG_WARN_RANGE_LOOP_ANALYSIS = YES;
				CLANG_WARN_STRICT_PROTOTYPES = YES;
				CLANG_WARN_SUSPICIOUS_MOVE = YES;
				CLANG_WARN_UNGUARDED_AVAILABILITY = YES_AGGRESSIVE;
				CLANG_WARN_UNREACHABLE_CODE = YES;
				CLANG_WARN__DUPLICATE_METHOD_MATCH = YES;
				COPY_PHASE_STRIP = NO;
				DEBUG_INFORMATION_FORMAT = dwarf;
				ENABLE_STRICT_OBJC_MSGSEND = YES;
				ENABLE_TESTABILITY = YES;
				GCC_C_LANGUAGE_STANDARD = gnu11;
				GCC_DYNAMIC_NO_PIC = NO;
				GCC_NO_COMMON_BLOCKS = YES;
				GCC_OPTIMIZATION_LEVEL = 0;
				GCC_PREPROCESSOR_DEFINITIONS = (
					"DEBUG=1",
					"$(inherited)",
				);
				GCC_WARN_64_TO_32_BIT_CONVERSION = YES;
				GCC_WARN_ABOUT_RETURN_TYPE = YES_ERROR;
				GCC_WARN_UNDECLARED_SELECTOR = YES;
				GCC_WARN_UNINITIALIZED_AUTOS = YES_AGGRESSIVE;
				GCC_WARN_UNUSED_FUNCTION = YES;
				GCC_WARN_UNUSED_VARIABLE = YES;
				IPHONEOS_DEPLOYMENT_TARGET = 14.5;
				MTL_ENABLE_DEBUG_INFO = INCLUDE_SOURCE;
				MTL_FAST_MATH = YES;
				ONLY_ACTIVE_ARCH = YES;
				SDKROOT = iphoneos;
				SWIFT_ACTIVE_COMPILATION_CONDITIONS = DEBUG;
				SWIFT_OPTIMIZATION_LEVEL = "-Onone";
			};
			name = Debug;
		};
		FB69132C26B1495300F8710D /* Release */ = {
			isa = XCBuildConfiguration;
			buildSettings = {
				ALWAYS_SEARCH_USER_PATHS = NO;
				CLANG_ANALYZER_NONNULL = YES;
				CLANG_ANALYZER_NUMBER_OBJECT_CONVERSION = YES_AGGRESSIVE;
				CLANG_CXX_LANGUAGE_STANDARD = "gnu++14";
				CLANG_CXX_LIBRARY = "libc++";
				CLANG_ENABLE_MODULES = YES;
				CLANG_ENABLE_OBJC_ARC = YES;
				CLANG_ENABLE_OBJC_WEAK = YES;
				CLANG_WARN_BLOCK_CAPTURE_AUTORELEASING = YES;
				CLANG_WARN_BOOL_CONVERSION = YES;
				CLANG_WARN_COMMA = YES;
				CLANG_WARN_CONSTANT_CONVERSION = YES;
				CLANG_WARN_DEPRECATED_OBJC_IMPLEMENTATIONS = YES;
				CLANG_WARN_DIRECT_OBJC_ISA_USAGE = YES_ERROR;
				CLANG_WARN_DOCUMENTATION_COMMENTS = YES;
				CLANG_WARN_EMPTY_BODY = YES;
				CLANG_WARN_ENUM_CONVERSION = YES;
				CLANG_WARN_INFINITE_RECURSION = YES;
				CLANG_WARN_INT_CONVERSION = YES;
				CLANG_WARN_NON_LITERAL_NULL_CONVERSION = YES;
				CLANG_WARN_OBJC_IMPLICIT_RETAIN_SELF = YES;
				CLANG_WARN_OBJC_LITERAL_CONVERSION = YES;
				CLANG_WARN_OBJC_ROOT_CLASS = YES_ERROR;
				CLANG_WARN_QUOTED_INCLUDE_IN_FRAMEWORK_HEADER = YES;
				CLANG_WARN_RANGE_LOOP_ANALYSIS = YES;
				CLANG_WARN_STRICT_PROTOTYPES = YES;
				CLANG_WARN_SUSPICIOUS_MOVE = YES;
				CLANG_WARN_UNGUARDED_AVAILABILITY = YES_AGGRESSIVE;
				CLANG_WARN_UNREACHABLE_CODE = YES;
				CLANG_WARN__DUPLICATE_METHOD_MATCH = YES;
				COPY_PHASE_STRIP = NO;
				DEBUG_INFORMATION_FORMAT = "dwarf-with-dsym";
				ENABLE_NS_ASSERTIONS = NO;
				ENABLE_STRICT_OBJC_MSGSEND = YES;
				GCC_C_LANGUAGE_STANDARD = gnu11;
				GCC_NO_COMMON_BLOCKS = YES;
				GCC_WARN_64_TO_32_BIT_CONVERSION = YES;
				GCC_WARN_ABOUT_RETURN_TYPE = YES_ERROR;
				GCC_WARN_UNDECLARED_SELECTOR = YES;
				GCC_WARN_UNINITIALIZED_AUTOS = YES_AGGRESSIVE;
				GCC_WARN_UNUSED_FUNCTION = YES;
				GCC_WARN_UNUSED_VARIABLE = YES;
				IPHONEOS_DEPLOYMENT_TARGET = 14.5;
				MTL_ENABLE_DEBUG_INFO = NO;
				MTL_FAST_MATH = YES;
				SDKROOT = iphoneos;
				SWIFT_COMPILATION_MODE = wholemodule;
				SWIFT_OPTIMIZATION_LEVEL = "-O";
				VALIDATE_PRODUCT = YES;
			};
			name = Release;
		};
		FB69132E26B1495300F8710D /* Debug */ = {
			isa = XCBuildConfiguration;
			baseConfigurationReference = EDF32140100D4377B96331C0 /* Pods-FirebaseTest.debug.xcconfig */;
			buildSettings = {
				ASSETCATALOG_COMPILER_APPICON_NAME = AppIcon;
				ASSETCATALOG_COMPILER_GLOBAL_ACCENT_COLOR_NAME = AccentColor;
				CODE_SIGN_STYLE = Automatic;
				DEVELOPMENT_TEAM = VKVBX8RQ53;
				INFOPLIST_FILE = FirebaseTest/Info.plist;
				LD_RUNPATH_SEARCH_PATHS = (
					"$(inherited)",
					"@executable_path/Frameworks",
				);
				PRODUCT_BUNDLE_IDENTIFIER = com.pavelspitsin.FirebaseTest;
				PRODUCT_NAME = "$(TARGET_NAME)";
				SWIFT_VERSION = 5.0;
				TARGETED_DEVICE_FAMILY = "1,2";
			};
			name = Debug;
		};
		FB69132F26B1495300F8710D /* Release */ = {
			isa = XCBuildConfiguration;
			baseConfigurationReference = 5436DEAF06E83C2E4D69EAF8 /* Pods-FirebaseTest.release.xcconfig */;
			buildSettings = {
				ASSETCATALOG_COMPILER_APPICON_NAME = AppIcon;
				ASSETCATALOG_COMPILER_GLOBAL_ACCENT_COLOR_NAME = AccentColor;
				CODE_SIGN_STYLE = Automatic;
				DEVELOPMENT_TEAM = VKVBX8RQ53;
				INFOPLIST_FILE = FirebaseTest/Info.plist;
				LD_RUNPATH_SEARCH_PATHS = (
					"$(inherited)",
					"@executable_path/Frameworks",
				);
				PRODUCT_BUNDLE_IDENTIFIER = com.pavelspitsin.FirebaseTest;
				PRODUCT_NAME = "$(TARGET_NAME)";
				SWIFT_VERSION = 5.0;
				TARGETED_DEVICE_FAMILY = "1,2";
			};
			name = Release;
		};
/* End XCBuildConfiguration section */

/* Begin XCConfigurationList section */
		FB69131426B1495200F8710D /* Build configuration list for PBXProject "FirebaseTest" */ = {
			isa = XCConfigurationList;
			buildConfigurations = (
				FB69132B26B1495300F8710D /* Debug */,
				FB69132C26B1495300F8710D /* Release */,
			);
			defaultConfigurationIsVisible = 0;
			defaultConfigurationName = Release;
		};
		FB69132D26B1495300F8710D /* Build configuration list for PBXNativeTarget "FirebaseTest" */ = {
			isa = XCConfigurationList;
			buildConfigurations = (
				FB69132E26B1495300F8710D /* Debug */,
				FB69132F26B1495300F8710D /* Release */,
			);
			defaultConfigurationIsVisible = 0;
			defaultConfigurationName = Release;
		};
/* End XCConfigurationList section */
	};
	rootObject = FB69131126B1495200F8710D /* Project object */;
}
