// !$*UTF8*$!
{
	archiveVersion = 1;
	classes = {
	};
	objectVersion = 51;
	objects = {

/* Begin PBXBuildFile section */
		4A16FDA7A936A41F530D0144 /* Pods_RXSwiftTest.framework in Frameworks */ = {isa = PBXBuildFile; fileRef = 47558C0A150EF55F773E4E0B /* Pods_RXSwiftTest.framework */; };
		FB0F000126AEC9D000002B47 /* Weather.swift in Sources */ = {isa = PBXBuildFile; fileRef = FB0F000026AEC9D000002B47 /* Weather.swift */; };
		FB2C6B6926AAD42500222356 /* AppDelegate.swift in Sources */ = {isa = PBXBuildFile; fileRef = FB2C6B6826AAD42500222356 /* AppDelegate.swift */; };
		FB2C6B6B26AAD42500222356 /* SceneDelegate.swift in Sources */ = {isa = PBXBuildFile; fileRef = FB2C6B6A26AAD42500222356 /* SceneDelegate.swift */; };
		FB2C6B6D26AAD42500222356 /* ViewController.swift in Sources */ = {isa = PBXBuildFile; fileRef = FB2C6B6C26AAD42500222356 /* ViewController.swift */; };
		FB2C6B7026AAD42500222356 /* Main.storyboard in Resources */ = {isa = PBXBuildFile; fileRef = FB2C6B6E26AAD42500222356 /* Main.storyboard */; };
		FB2C6B7226AAD42D00222356 /* Assets.xcassets in Resources */ = {isa = PBXBuildFile; fileRef = FB2C6B7126AAD42D00222356 /* Assets.xcassets */; };
		FB2C6B7526AAD42D00222356 /* LaunchScreen.storyboard in Resources */ = {isa = PBXBuildFile; fileRef = FB2C6B7326AAD42D00222356 /* LaunchScreen.storyboard */; };
		FB2C6B8126AAD5FF00222356 /* ViewModel.swift in Sources */ = {isa = PBXBuildFile; fileRef = FB2C6B8026AAD5FF00222356 /* ViewModel.swift */; };
/* End PBXBuildFile section */

/* Begin PBXFileReference section */
		2311729A614FD48D931C8ECC /* Pods-RXSwiftTest.debug.xcconfig */ = {isa = PBXFileReference; includeInIndex = 1; lastKnownFileType = text.xcconfig; name = "Pods-RXSwiftTest.debug.xcconfig"; path = "Target Support Files/Pods-RXSwiftTest/Pods-RXSwiftTest.debug.xcconfig"; sourceTree = "<group>"; };
		47558C0A150EF55F773E4E0B /* Pods_RXSwiftTest.framework */ = {isa = PBXFileReference; explicitFileType = wrapper.framework; includeInIndex = 0; path = Pods_RXSwiftTest.framework; sourceTree = BUILT_PRODUCTS_DIR; };
		EC5547E8917C523F630D112C /* Pods-RXSwiftTest.release.xcconfig */ = {isa = PBXFileReference; includeInIndex = 1; lastKnownFileType = text.xcconfig; name = "Pods-RXSwiftTest.release.xcconfig"; path = "Target Support Files/Pods-RXSwiftTest/Pods-RXSwiftTest.release.xcconfig"; sourceTree = "<group>"; };
		FB0F000026AEC9D000002B47 /* Weather.swift */ = {isa = PBXFileReference; lastKnownFileType = sourcecode.swift; path = Weather.swift; sourceTree = "<group>"; };
		FB2C6B6526AAD42500222356 /* RXSwiftTest.app */ = {isa = PBXFileReference; explicitFileType = wrapper.application; includeInIndex = 0; path = RXSwiftTest.app; sourceTree = BUILT_PRODUCTS_DIR; };
		FB2C6B6826AAD42500222356 /* AppDelegate.swift */ = {isa = PBXFileReference; lastKnownFileType = sourcecode.swift; path = AppDelegate.swift; sourceTree = "<group>"; };
		FB2C6B6A26AAD42500222356 /* SceneDelegate.swift */ = {isa = PBXFileReference; lastKnownFileType = sourcecode.swift; path = SceneDelegate.swift; sourceTree = "<group>"; };
		FB2C6B6C26AAD42500222356 /* ViewController.swift */ = {isa = PBXFileReference; lastKnownFileType = sourcecode.swift; path = ViewController.swift; sourceTree = "<group>"; };
		FB2C6B6F26AAD42500222356 /* Base */ = {isa = PBXFileReference; lastKnownFileType = file.storyboard; name = Base; path = Base.lproj/Main.storyboard; sourceTree = "<group>"; };
		FB2C6B7126AAD42D00222356 /* Assets.xcassets */ = {isa = PBXFileReference; lastKnownFileType = folder.assetcatalog; path = Assets.xcassets; sourceTree = "<group>"; };
		FB2C6B7426AAD42D00222356 /* Base */ = {isa = PBXFileReference; lastKnownFileType = file.storyboard; name = Base; path = Base.lproj/LaunchScreen.storyboard; sourceTree = "<group>"; };
		FB2C6B7626AAD42D00222356 /* Info.plist */ = {isa = PBXFileReference; lastKnownFileType = text.plist.xml; path = Info.plist; sourceTree = "<group>"; };
		FB2C6B8026AAD5FF00222356 /* ViewModel.swift */ = {isa = PBXFileReference; lastKnownFileType = sourcecode.swift; path = ViewModel.swift; sourceTree = "<group>"; };
/* End PBXFileReference section */

/* Begin PBXFrameworksBuildPhase section */
		FB2C6B6226AAD42500222356 /* Frameworks */ = {
			isa = PBXFrameworksBuildPhase;
			buildActionMask = 2147483647;
			files = (
				4A16FDA7A936A41F530D0144 /* Pods_RXSwiftTest.framework in Frameworks */,
			);
			runOnlyForDeploymentPostprocessing = 0;
		};
/* End PBXFrameworksBuildPhase section */

/* Begin PBXGroup section */
		24D9ABDB20384440FC2CE5EA /* Frameworks */ = {
			isa = PBXGroup;
			children = (
				47558C0A150EF55F773E4E0B /* Pods_RXSwiftTest.framework */,
			);
			name = Frameworks;
			sourceTree = "<group>";
		};
		E4B5300C5EE77BAEABA12E0C /* Pods */ = {
			isa = PBXGroup;
			children = (
				2311729A614FD48D931C8ECC /* Pods-RXSwiftTest.debug.xcconfig */,
				EC5547E8917C523F630D112C /* Pods-RXSwiftTest.release.xcconfig */,
			);
			path = Pods;
			sourceTree = "<group>";
		};
		FB2C6B5C26AAD42500222356 = {
			isa = PBXGroup;
			children = (
				FB2C6B6726AAD42500222356 /* RXSwiftTest */,
				FB2C6B6626AAD42500222356 /* Products */,
				E4B5300C5EE77BAEABA12E0C /* Pods */,
				24D9ABDB20384440FC2CE5EA /* Frameworks */,
			);
			sourceTree = "<group>";
		};
		FB2C6B6626AAD42500222356 /* Products */ = {
			isa = PBXGroup;
			children = (
				FB2C6B6526AAD42500222356 /* RXSwiftTest.app */,
			);
			name = Products;
			sourceTree = "<group>";
		};
		FB2C6B6726AAD42500222356 /* RXSwiftTest */ = {
			isa = PBXGroup;
			children = (
				FB2C6B6826AAD42500222356 /* AppDelegate.swift */,
				FB2C6B6A26AAD42500222356 /* SceneDelegate.swift */,
				FB2C6B6C26AAD42500222356 /* ViewController.swift */,
				FB2C6B8026AAD5FF00222356 /* ViewModel.swift */,
				FB0F000026AEC9D000002B47 /* Weather.swift */,
				FB2C6B6E26AAD42500222356 /* Main.storyboard */,
				FB2C6B7126AAD42D00222356 /* Assets.xcassets */,
				FB2C6B7326AAD42D00222356 /* LaunchScreen.storyboard */,
				FB2C6B7626AAD42D00222356 /* Info.plist */,
			);
			path = RXSwiftTest;
			sourceTree = "<group>";
		};
/* End PBXGroup section */

/* Begin PBXNativeTarget section */
		FB2C6B6426AAD42500222356 /* RXSwiftTest */ = {
			isa = PBXNativeTarget;
			buildConfigurationList = FB2C6B7926AAD42D00222356 /* Build configuration list for PBXNativeTarget "RXSwiftTest" */;
			buildPhases = (
				EB6FD0A23B70F1A2B3BD8820 /* [CP] Check Pods Manifest.lock */,
				FB2C6B6126AAD42500222356 /* Sources */,
				FB2C6B6226AAD42500222356 /* Frameworks */,
				FB2C6B6326AAD42500222356 /* Resources */,
				666A12DFD7AC50A2D766386A /* [CP] Embed Pods Frameworks */,
			);
			buildRules = (
			);
			dependencies = (
			);
			name = RXSwiftTest;
			productName = RXSwiftTest;
			productReference = FB2C6B6526AAD42500222356 /* RXSwiftTest.app */;
			productType = "com.apple.product-type.application";
		};
/* End PBXNativeTarget section */

/* Begin PBXProject section */
		FB2C6B5D26AAD42500222356 /* Project object */ = {
			isa = PBXProject;
			attributes = {
				LastSwiftUpdateCheck = 1250;
				LastUpgradeCheck = 1250;
				TargetAttributes = {
					FB2C6B6426AAD42500222356 = {
						CreatedOnToolsVersion = 12.5.1;
					};
				};
			};
			buildConfigurationList = FB2C6B6026AAD42500222356 /* Build configuration list for PBXProject "RXSwiftTest" */;
			compatibilityVersion = "Xcode 9.3";
			developmentRegion = en;
			hasScannedForEncodings = 0;
			knownRegions = (
				en,
				Base,
			);
			mainGroup = FB2C6B5C26AAD42500222356;
			productRefGroup = FB2C6B6626AAD42500222356 /* Products */;
			projectDirPath = "";
			projectRoot = "";
			targets = (
				FB2C6B6426AAD42500222356 /* RXSwiftTest */,
			);
		};
/* End PBXProject section */

/* Begin PBXResourcesBuildPhase section */
		FB2C6B6326AAD42500222356 /* Resources */ = {
			isa = PBXResourcesBuildPhase;
			buildActionMask = 2147483647;
			files = (
				FB2C6B7526AAD42D00222356 /* LaunchScreen.storyboard in Resources */,
				FB2C6B7226AAD42D00222356 /* Assets.xcassets in Resources */,
				FB2C6B7026AAD42500222356 /* Main.storyboard in Resources */,
			);
			runOnlyForDeploymentPostprocessing = 0;
		};
/* End PBXResourcesBuildPhase section */

/* Begin PBXShellScriptBuildPhase section */
		666A12DFD7AC50A2D766386A /* [CP] Embed Pods Frameworks */ = {
			isa = PBXShellScriptBuildPhase;
			buildActionMask = 2147483647;
			files = (
			);
			inputFileListPaths = (
				"${PODS_ROOT}/Target Support Files/Pods-RXSwiftTest/Pods-RXSwiftTest-frameworks-${CONFIGURATION}-input-files.xcfilelist",
			);
			name = "[CP] Embed Pods Frameworks";
			outputFileListPaths = (
				"${PODS_ROOT}/Target Support Files/Pods-RXSwiftTest/Pods-RXSwiftTest-frameworks-${CONFIGURATION}-output-files.xcfilelist",
			);
			runOnlyForDeploymentPostprocessing = 0;
			shellPath = /bin/sh;
			shellScript = "\"${PODS_ROOT}/Target Support Files/Pods-RXSwiftTest/Pods-RXSwiftTest-frameworks.sh\"\n";
			showEnvVarsInLog = 0;
		};
		EB6FD0A23B70F1A2B3BD8820 /* [CP] Check Pods Manifest.lock */ = {
			isa = PBXShellScriptBuildPhase;
			buildActionMask = 2147483647;
			files = (
			);
			inputFileListPaths = (
			);
			inputPaths = (
				"${PODS_PODFILE_DIR_PATH}/Podfile.lock",
				"${PODS_ROOT}/Manifest.lock",
			);
			name = "[CP] Check Pods Manifest.lock";
			outputFileListPaths = (
			);
			outputPaths = (
				"$(DERIVED_FILE_DIR)/Pods-RXSwiftTest-checkManifestLockResult.txt",
			);
			runOnlyForDeploymentPostprocessing = 0;
			shellPath = /bin/sh;
			shellScript = "diff \"${PODS_PODFILE_DIR_PATH}/Podfile.lock\" \"${PODS_ROOT}/Manifest.lock\" > /dev/null\nif [ $? != 0 ] ; then\n    # print error to STDERR\n    echo \"error: The sandbox is not in sync with the Podfile.lock. Run 'pod install' or update your CocoaPods installation.\" >&2\n    exit 1\nfi\n# This output is used by Xcode 'outputs' to avoid re-running this script phase.\necho \"SUCCESS\" > \"${SCRIPT_OUTPUT_FILE_0}\"\n";
			showEnvVarsInLog = 0;
		};
/* End PBXShellScriptBuildPhase section */

/* Begin PBXSourcesBuildPhase section */
		FB2C6B6126AAD42500222356 /* Sources */ = {
			isa = PBXSourcesBuildPhase;
			buildActionMask = 2147483647;
			files = (
				FB2C6B8126AAD5FF00222356 /* ViewModel.swift in Sources */,
				FB2C6B6D26AAD42500222356 /* ViewController.swift in Sources */,
				FB2C6B6926AAD42500222356 /* AppDelegate.swift in Sources */,
				FB2C6B6B26AAD42500222356 /* SceneDelegate.swift in Sources */,
				FB0F000126AEC9D000002B47 /* Weather.swift in Sources */,
			);
			runOnlyForDeploymentPostprocessing = 0;
		};
/* End PBXSourcesBuildPhase section */

/* Begin PBXVariantGroup section */
		FB2C6B6E26AAD42500222356 /* Main.storyboard */ = {
			isa = PBXVariantGroup;
			children = (
				FB2C6B6F26AAD42500222356 /* Base */,
			);
			name = Main.storyboard;
			sourceTree = "<group>";
		};
		FB2C6B7326AAD42D00222356 /* LaunchScreen.storyboard */ = {
			isa = PBXVariantGroup;
			children = (
				FB2C6B7426AAD42D00222356 /* Base */,
			);
			name = LaunchScreen.storyboard;
			sourceTree = "<group>";
		};
/* End PBXVariantGroup section */

/* Begin XCBuildConfiguration section */
		FB2C6B7726AAD42D00222356 /* Debug */ = {
			isa = XCBuildConfiguration;
			buildSettings = {
				ALWAYS_SEARCH_USER_PATHS = NO;
				CLANG_ANALYZER_NONNULL = YES;
				CLANG_ANALYZER_NUMBER_OBJECT_CONVERSION = YES_AGGRESSIVE;
				CLANG_CXX_LANGUAGE_STANDARD = "gnu++14";
				CLANG_CXX_LIBRARY = "libc++";
				CLANG_ENABLE_MODULES = YES;
				CLANG_ENABLE_OBJC_ARC = YES;
				CLANG_ENABLE_OBJC_WEAK = YES;
				CLANG_WARN_BLOCK_CAPTURE_AUTORELEASING = YES;
				CLANG_WARN_BOOL_CONVERSION = YES;
				CLANG_WARN_COMMA = YES;
				CLANG_WARN_CONSTANT_CONVERSION = YES;
				CLANG_WARN_DEPRECATED_OBJC_IMPLEMENTATIONS = YES;
				CLANG_WARN_DIRECT_OBJC_ISA_USAGE = YES_ERROR;
				CLANG_WARN_DOCUMENTATION_COMMENTS = YES;
				CLANG_WARN_EMPTY_BODY = YES;
				CLANG_WARN_ENUM_CONVERSION = YES;
				CLANG_WARN_INFINITE_RECURSION = YES;
				CLANG_WARN_INT_CONVERSION = YES;
				CLANG_WARN_NON_LITERAL_NULL_CONVERSION = YES;
				CLANG_WARN_OBJC_IMPLICIT_RETAIN_SELF = YES;
				CLANG_WARN_OBJC_LITERAL_CONVERSION = YES;
				CLANG_WARN_OBJC_ROOT_CLASS = YES_ERROR;
				CLANG_WARN_QUOTED_INCLUDE_IN_FRAMEWORK_HEADER = YES;
				CLANG_WARN_RANGE_LOOP_ANALYSIS = YES;
				CLANG_WARN_STRICT_PROTOTYPES = YES;
				CLANG_WARN_SUSPICIOUS_MOVE = YES;
				CLANG_WARN_UNGUARDED_AVAILABILITY = YES_AGGRESSIVE;
				CLANG_WARN_UNREACHABLE_CODE = YES;
				CLANG_WARN__DUPLICATE_METHOD_MATCH = YES;
				COPY_PHASE_STRIP = NO;
				DEBUG_INFORMATION_FORMAT = dwarf;
				ENABLE_STRICT_OBJC_MSGSEND = YES;
				ENABLE_TESTABILITY = YES;
				GCC_C_LANGUAGE_STANDARD = gnu11;
				GCC_DYNAMIC_NO_PIC = NO;
				GCC_NO_COMMON_BLOCKS = YES;
				GCC_OPTIMIZATION_LEVEL = 0;
				GCC_PREPROCESSOR_DEFINITIONS = (
					"DEBUG=1",
					"$(inherited)",
				);
				GCC_WARN_64_TO_32_BIT_CONVERSION = YES;
				GCC_WARN_ABOUT_RETURN_TYPE = YES_ERROR;
				GCC_WARN_UNDECLARED_SELECTOR = YES;
				GCC_WARN_UNINITIALIZED_AUTOS = YES_AGGRESSIVE;
				GCC_WARN_UNUSED_FUNCTION = YES;
				GCC_WARN_UNUSED_VARIABLE = YES;
				IPHONEOS_DEPLOYMENT_TARGET = 14.5;
				MTL_ENABLE_DEBUG_INFO = INCLUDE_SOURCE;
				MTL_FAST_MATH = YES;
				ONLY_ACTIVE_ARCH = YES;
				SDKROOT = iphoneos;
				SWIFT_ACTIVE_COMPILATION_CONDITIONS = DEBUG;
				SWIFT_OPTIMIZATION_LEVEL = "-Onone";
			};
			name = Debug;
		};
		FB2C6B7826AAD42D00222356 /* Release */ = {
			isa = XCBuildConfiguration;
			buildSettings = {
				ALWAYS_SEARCH_USER_PATHS = NO;
				CLANG_ANALYZER_NONNULL = YES;
				CLANG_ANALYZER_NUMBER_OBJECT_CONVERSION = YES_AGGRESSIVE;
				CLANG_CXX_LANGUAGE_STANDARD = "gnu++14";
				CLANG_CXX_LIBRARY = "libc++";
				CLANG_ENABLE_MODULES = YES;
				CLANG_ENABLE_OBJC_ARC = YES;
				CLANG_ENABLE_OBJC_WEAK = YES;
				CLANG_WARN_BLOCK_CAPTURE_AUTORELEASING = YES;
				CLANG_WARN_BOOL_CONVERSION = YES;
				CLANG_WARN_COMMA = YES;
				CLANG_WARN_CONSTANT_CONVERSION = YES;
				CLANG_WARN_DEPRECATED_OBJC_IMPLEMENTATIONS = YES;
				CLANG_WARN_DIRECT_OBJC_ISA_USAGE = YES_ERROR;
				CLANG_WARN_DOCUMENTATION_COMMENTS = YES;
				CLANG_WARN_EMPTY_BODY = YES;
				CLANG_WARN_ENUM_CONVERSION = YES;
				CLANG_WARN_INFINITE_RECURSION = YES;
				CLANG_WARN_INT_CONVERSION = YES;
				CLANG_WARN_NON_LITERAL_NULL_CONVERSION = YES;
				CLANG_WARN_OBJC_IMPLICIT_RETAIN_SELF = YES;
				CLANG_WARN_OBJC_LITERAL_CONVERSION = YES;
				CLANG_WARN_OBJC_ROOT_CLASS = YES_ERROR;
				CLANG_WARN_QUOTED_INCLUDE_IN_FRAMEWORK_HEADER = YES;
				CLANG_WARN_RANGE_LOOP_ANALYSIS = YES;
				CLANG_WARN_STRICT_PROTOTYPES = YES;
				CLANG_WARN_SUSPICIOUS_MOVE = YES;
				CLANG_WARN_UNGUARDED_AVAILABILITY = YES_AGGRESSIVE;
				CLANG_WARN_UNREACHABLE_CODE = YES;
				CLANG_WARN__DUPLICATE_METHOD_MATCH = YES;
				COPY_PHASE_STRIP = NO;
				DEBUG_INFORMATION_FORMAT = "dwarf-with-dsym";
				ENABLE_NS_ASSERTIONS = NO;
				ENABLE_STRICT_OBJC_MSGSEND = YES;
				GCC_C_LANGUAGE_STANDARD = gnu11;
				GCC_NO_COMMON_BLOCKS = YES;
				GCC_WARN_64_TO_32_BIT_CONVERSION = YES;
				GCC_WARN_ABOUT_RETURN_TYPE = YES_ERROR;
				GCC_WARN_UNDECLARED_SELECTOR = YES;
				GCC_WARN_UNINITIALIZED_AUTOS = YES_AGGRESSIVE;
				GCC_WARN_UNUSED_FUNCTION = YES;
				GCC_WARN_UNUSED_VARIABLE = YES;
				IPHONEOS_DEPLOYMENT_TARGET = 14.5;
				MTL_ENABLE_DEBUG_INFO = NO;
				MTL_FAST_MATH = YES;
				SDKROOT = iphoneos;
				SWIFT_COMPILATION_MODE = wholemodule;
				SWIFT_OPTIMIZATION_LEVEL = "-O";
				VALIDATE_PRODUCT = YES;
			};
			name = Release;
		};
		FB2C6B7A26AAD42D00222356 /* Debug */ = {
			isa = XCBuildConfiguration;
			baseConfigurationReference = 2311729A614FD48D931C8ECC /* Pods-RXSwiftTest.debug.xcconfig */;
			buildSettings = {
				ASSETCATALOG_COMPILER_APPICON_NAME = AppIcon;
				ASSETCATALOG_COMPILER_GLOBAL_ACCENT_COLOR_NAME = AccentColor;
				CODE_SIGN_STYLE = Automatic;
				DEVELOPMENT_TEAM = VKVBX8RQ53;
				INFOPLIST_FILE = RXSwiftTest/Info.plist;
				LD_RUNPATH_SEARCH_PATHS = (
					"$(inherited)",
					"@executable_path/Frameworks",
				);
				PRODUCT_BUNDLE_IDENTIFIER = com.pavelspitsin.RXSwiftTest;
				PRODUCT_NAME = "$(TARGET_NAME)";
				SWIFT_VERSION = 5.0;
				TARGETED_DEVICE_FAMILY = "1,2";
			};
			name = Debug;
		};
		FB2C6B7B26AAD42D00222356 /* Release */ = {
			isa = XCBuildConfiguration;
			baseConfigurationReference = EC5547E8917C523F630D112C /* Pods-RXSwiftTest.release.xcconfig */;
			buildSettings = {
				ASSETCATALOG_COMPILER_APPICON_NAME = AppIcon;
				ASSETCATALOG_COMPILER_GLOBAL_ACCENT_COLOR_NAME = AccentColor;
				CODE_SIGN_STYLE = Automatic;
				DEVELOPMENT_TEAM = VKVBX8RQ53;
				INFOPLIST_FILE = RXSwiftTest/Info.plist;
				LD_RUNPATH_SEARCH_PATHS = (
					"$(inherited)",
					"@executable_path/Frameworks",
				);
				PRODUCT_BUNDLE_IDENTIFIER = com.pavelspitsin.RXSwiftTest;
				PRODUCT_NAME = "$(TARGET_NAME)";
				SWIFT_VERSION = 5.0;
				TARGETED_DEVICE_FAMILY = "1,2";
			};
			name = Release;
		};
/* End XCBuildConfiguration section */

/* Begin XCConfigurationList section */
		FB2C6B6026AAD42500222356 /* Build configuration list for PBXProject "RXSwiftTest" */ = {
			isa = XCConfigurationList;
			buildConfigurations = (
				FB2C6B7726AAD42D00222356 /* Debug */,
				FB2C6B7826AAD42D00222356 /* Release */,
			);
			defaultConfigurationIsVisible = 0;
			defaultConfigurationName = Release;
		};
		FB2C6B7926AAD42D00222356 /* Build configuration list for PBXNativeTarget "RXSwiftTest" */ = {
			isa = XCConfigurationList;
			buildConfigurations = (
				FB2C6B7A26AAD42D00222356 /* Debug */,
				FB2C6B7B26AAD42D00222356 /* Release */,
			);
			defaultConfigurationIsVisible = 0;
			defaultConfigurationName = Release;
		};
/* End XCConfigurationList section */
	};
	rootObject = FB2C6B5D26AAD42500222356 /* Project object */;
}
