// !$*UTF8*$!
{
	archiveVersion = 1;
	classes = {
	};
	objectVersion = 50;
	objects = {

/* Begin PBXBuildFile section */
		FBD2695726F4B3580055C99D /* AppDelegate.swift in Sources */ = {isa = PBXBuildFile; fileRef = FBD2695626F4B3580055C99D /* AppDelegate.swift */; };
		FBD2695926F4B3580055C99D /* SceneDelegate.swift in Sources */ = {isa = PBXBuildFile; fileRef = FBD2695826F4B3580055C99D /* SceneDelegate.swift */; };
		FBD2695B26F4B3580055C99D /* ContentView.swift in Sources */ = {isa = PBXBuildFile; fileRef = FBD2695A26F4B3580055C99D /* ContentView.swift */; };
		FBD2695D26F4B35A0055C99D /* Assets.xcassets in Resources */ = {isa = PBXBuildFile; fileRef = FBD2695C26F4B35A0055C99D /* Assets.xcassets */; };
		FBD2696026F4B35A0055C99D /* Preview Assets.xcassets in Resources */ = {isa = PBXBuildFile; fileRef = FBD2695F26F4B35A0055C99D /* Preview Assets.xcassets */; };
		FBD2696326F4B35A0055C99D /* LaunchScreen.storyboard in Resources */ = {isa = PBXBuildFile; fileRef = FBD2696126F4B35A0055C99D /* LaunchScreen.storyboard */; };
/* End PBXBuildFile section */

/* Begin PBXFileReference section */
		FBD2695326F4B3580055C99D /* Lesson_2(Text).app */ = {isa = PBXFileReference; explicitFileType = wrapper.application; includeInIndex = 0; path = "Lesson_2(Text).app"; sourceTree = BUILT_PRODUCTS_DIR; };
		FBD2695626F4B3580055C99D /* AppDelegate.swift */ = {isa = PBXFileReference; lastKnownFileType = sourcecode.swift; path = AppDelegate.swift; sourceTree = "<group>"; };
		FBD2695826F4B3580055C99D /* SceneDelegate.swift */ = {isa = PBXFileReference; lastKnownFileType = sourcecode.swift; path = SceneDelegate.swift; sourceTree = "<group>"; };
		FBD2695A26F4B3580055C99D /* ContentView.swift */ = {isa = PBXFileReference; lastKnownFileType = sourcecode.swift; path = ContentView.swift; sourceTree = "<group>"; };
		FBD2695C26F4B35A0055C99D /* Assets.xcassets */ = {isa = PBXFileReference; lastKnownFileType = folder.assetcatalog; path = Assets.xcassets; sourceTree = "<group>"; };
		FBD2695F26F4B35A0055C99D /* Preview Assets.xcassets */ = {isa = PBXFileReference; lastKnownFileType = folder.assetcatalog; path = "Preview Assets.xcassets"; sourceTree = "<group>"; };
		FBD2696226F4B35A0055C99D /* Base */ = {isa = PBXFileReference; lastKnownFileType = file.storyboard; name = Base; path = Base.lproj/LaunchScreen.storyboard; sourceTree = "<group>"; };
		FBD2696426F4B35A0055C99D /* Info.plist */ = {isa = PBXFileReference; lastKnownFileType = text.plist.xml; path = Info.plist; sourceTree = "<group>"; };
/* End PBXFileReference section */

/* Begin PBXFrameworksBuildPhase section */
		FBD2695026F4B3580055C99D /* Frameworks */ = {
			isa = PBXFrameworksBuildPhase;
			buildActionMask = 2147483647;
			files = (
			);
			runOnlyForDeploymentPostprocessing = 0;
		};
/* End PBXFrameworksBuildPhase section */

/* Begin PBXGroup section */
		FBD2694A26F4B3580055C99D = {
			isa = PBXGroup;
			children = (
				FBD2695526F4B3580055C99D /* Lesson_2(Text) */,
				FBD2695426F4B3580055C99D /* Products */,
			);
			sourceTree = "<group>";
		};
		FBD2695426F4B3580055C99D /* Products */ = {
			isa = PBXGroup;
			children = (
				FBD2695326F4B3580055C99D /* Lesson_2(Text).app */,
			);
			name = Products;
			sourceTree = "<group>";
		};
		FBD2695526F4B3580055C99D /* Lesson_2(Text) */ = {
			isa = PBXGroup;
			children = (
				FBD2695626F4B3580055C99D /* AppDelegate.swift */,
				FBD2695826F4B3580055C99D /* SceneDelegate.swift */,
				FBD2695A26F4B3580055C99D /* ContentView.swift */,
				FBD2695C26F4B35A0055C99D /* Assets.xcassets */,
				FBD2696126F4B35A0055C99D /* LaunchScreen.storyboard */,
				FBD2696426F4B35A0055C99D /* Info.plist */,
				FBD2695E26F4B35A0055C99D /* Preview Content */,
			);
			path = "Lesson_2(Text)";
			sourceTree = "<group>";
		};
		FBD2695E26F4B35A0055C99D /* Preview Content */ = {
			isa = PBXGroup;
			children = (
				FBD2695F26F4B35A0055C99D /* Preview Assets.xcassets */,
			);
			path = "Preview Content";
			sourceTree = "<group>";
		};
/* End PBXGroup section */

/* Begin PBXNativeTarget section */
		FBD2695226F4B3580055C99D /* Lesson_2(Text) */ = {
			isa = PBXNativeTarget;
			buildConfigurationList = FBD2696726F4B35A0055C99D /* Build configuration list for PBXNativeTarget "Lesson_2(Text)" */;
			buildPhases = (
				FBD2694F26F4B3580055C99D /* Sources */,
				FBD2695026F4B3580055C99D /* Frameworks */,
				FBD2695126F4B3580055C99D /* Resources */,
			);
			buildRules = (
			);
			dependencies = (
			);
			name = "Lesson_2(Text)";
			productName = "Lesson_2(Text)";
			productReference = FBD2695326F4B3580055C99D /* Lesson_2(Text).app */;
			productType = "com.apple.product-type.application";
		};
/* End PBXNativeTarget section */

/* Begin PBXProject section */
		FBD2694B26F4B3580055C99D /* Project object */ = {
			isa = PBXProject;
			attributes = {
				LastSwiftUpdateCheck = 1250;
				LastUpgradeCheck = 1250;
				TargetAttributes = {
					FBD2695226F4B3580055C99D = {
						CreatedOnToolsVersion = 12.5.1;
					};
				};
			};
			buildConfigurationList = FBD2694E26F4B3580055C99D /* Build configuration list for PBXProject "Lesson_2(Text)" */;
			compatibilityVersion = "Xcode 9.3";
			developmentRegion = en;
			hasScannedForEncodings = 0;
			knownRegions = (
				en,
				Base,
			);
			mainGroup = FBD2694A26F4B3580055C99D;
			productRefGroup = FBD2695426F4B3580055C99D /* Products */;
			projectDirPath = "";
			projectRoot = "";
			targets = (
				FBD2695226F4B3580055C99D /* Lesson_2(Text) */,
			);
		};
/* End PBXProject section */

/* Begin PBXResourcesBuildPhase section */
		FBD2695126F4B3580055C99D /* Resources */ = {
			isa = PBXResourcesBuildPhase;
			buildActionMask = 2147483647;
			files = (
				FBD2696326F4B35A0055C99D /* LaunchScreen.storyboard in Resources */,
				FBD2696026F4B35A0055C99D /* Preview Assets.xcassets in Resources */,
				FBD2695D26F4B35A0055C99D /* Assets.xcassets in Resources */,
			);
			runOnlyForDeploymentPostprocessing = 0;
		};
/* End PBXResourcesBuildPhase section */

/* Begin PBXSourcesBuildPhase section */
		FBD2694F26F4B3580055C99D /* Sources */ = {
			isa = PBXSourcesBuildPhase;
			buildActionMask = 2147483647;
			files = (
				FBD2695726F4B3580055C99D /* AppDelegate.swift in Sources */,
				FBD2695926F4B3580055C99D /* SceneDelegate.swift in Sources */,
				FBD2695B26F4B3580055C99D /* ContentView.swift in Sources */,
			);
			runOnlyForDeploymentPostprocessing = 0;
		};
/* End PBXSourcesBuildPhase section */

/* Begin PBXVariantGroup section */
		FBD2696126F4B35A0055C99D /* LaunchScreen.storyboard */ = {
			isa = PBXVariantGroup;
			children = (
				FBD2696226F4B35A0055C99D /* Base */,
			);
			name = LaunchScreen.storyboard;
			sourceTree = "<group>";
		};
/* End PBXVariantGroup section */

/* Begin XCBuildConfiguration section */
		FBD2696526F4B35A0055C99D /* Debug */ = {
			isa = XCBuildConfiguration;
			buildSettings = {
				ALWAYS_SEARCH_USER_PATHS = NO;
				CLANG_ANALYZER_NONNULL = YES;
				CLANG_ANALYZER_NUMBER_OBJECT_CONVERSION = YES_AGGRESSIVE;
				CLANG_CXX_LANGUAGE_STANDARD = "gnu++14";
				CLANG_CXX_LIBRARY = "libc++";
				CLANG_ENABLE_MODULES = YES;
				CLANG_ENABLE_OBJC_ARC = YES;
				CLANG_ENABLE_OBJC_WEAK = YES;
				CLANG_WARN_BLOCK_CAPTURE_AUTORELEASING = YES;
				CLANG_WARN_BOOL_CONVERSION = YES;
				CLANG_WARN_COMMA = YES;
				CLANG_WARN_CONSTANT_CONVERSION = YES;
				CLANG_WARN_DEPRECATED_OBJC_IMPLEMENTATIONS = YES;
				CLANG_WARN_DIRECT_OBJC_ISA_USAGE = YES_ERROR;
				CLANG_WARN_DOCUMENTATION_COMMENTS = YES;
				CLANG_WARN_EMPTY_BODY = YES;
				CLANG_WARN_ENUM_CONVERSION = YES;
				CLANG_WARN_INFINITE_RECURSION = YES;
				CLANG_WARN_INT_CONVERSION = YES;
				CLANG_WARN_NON_LITERAL_NULL_CONVERSION = YES;
				CLANG_WARN_OBJC_IMPLICIT_RETAIN_SELF = YES;
				CLANG_WARN_OBJC_LITERAL_CONVERSION = YES;
				CLANG_WARN_OBJC_ROOT_CLASS = YES_ERROR;
				CLANG_WARN_QUOTED_INCLUDE_IN_FRAMEWORK_HEADER = YES;
				CLANG_WARN_RANGE_LOOP_ANALYSIS = YES;
				CLANG_WARN_STRICT_PROTOTYPES = YES;
				CLANG_WARN_SUSPICIOUS_MOVE = YES;
				CLANG_WARN_UNGUARDED_AVAILABILITY = YES_AGGRESSIVE;
				CLANG_WARN_UNREACHABLE_CODE = YES;
				CLANG_WARN__DUPLICATE_METHOD_MATCH = YES;
				COPY_PHASE_STRIP = NO;
				DEBUG_INFORMATION_FORMAT = dwarf;
				ENABLE_STRICT_OBJC_MSGSEND = YES;
				ENABLE_TESTABILITY = YES;
				GCC_C_LANGUAGE_STANDARD = gnu11;
				GCC_DYNAMIC_NO_PIC = NO;
				GCC_NO_COMMON_BLOCKS = YES;
				GCC_OPTIMIZATION_LEVEL = 0;
				GCC_PREPROCESSOR_DEFINITIONS = (
					"DEBUG=1",
					"$(inherited)",
				);
				GCC_WARN_64_TO_32_BIT_CONVERSION = YES;
				GCC_WARN_ABOUT_RETURN_TYPE = YES_ERROR;
				GCC_WARN_UNDECLARED_SELECTOR = YES;
				GCC_WARN_UNINITIALIZED_AUTOS = YES_AGGRESSIVE;
				GCC_WARN_UNUSED_FUNCTION = YES;
				GCC_WARN_UNUSED_VARIABLE = YES;
				IPHONEOS_DEPLOYMENT_TARGET = 14.5;
				MTL_ENABLE_DEBUG_INFO = INCLUDE_SOURCE;
				MTL_FAST_MATH = YES;
				ONLY_ACTIVE_ARCH = YES;
				SDKROOT = iphoneos;
				SWIFT_ACTIVE_COMPILATION_CONDITIONS = DEBUG;
				SWIFT_OPTIMIZATION_LEVEL = "-Onone";
			};
			name = Debug;
		};
		FBD2696626F4B35A0055C99D /* Release */ = {
			isa = XCBuildConfiguration;
			buildSettings = {
				ALWAYS_SEARCH_USER_PATHS = NO;
				CLANG_ANALYZER_NONNULL = YES;
				CLANG_ANALYZER_NUMBER_OBJECT_CONVERSION = YES_AGGRESSIVE;
				CLANG_CXX_LANGUAGE_STANDARD = "gnu++14";
				CLANG_CXX_LIBRARY = "libc++";
				CLANG_ENABLE_MODULES = YES;
				CLANG_ENABLE_OBJC_ARC = YES;
				CLANG_ENABLE_OBJC_WEAK = YES;
				CLANG_WARN_BLOCK_CAPTURE_AUTORELEASING = YES;
				CLANG_WARN_BOOL_CONVERSION = YES;
				CLANG_WARN_COMMA = YES;
				CLANG_WARN_CONSTANT_CONVERSION = YES;
				CLANG_WARN_DEPRECATED_OBJC_IMPLEMENTATIONS = YES;
				CLANG_WARN_DIRECT_OBJC_ISA_USAGE = YES_ERROR;
				CLANG_WARN_DOCUMENTATION_COMMENTS = YES;
				CLANG_WARN_EMPTY_BODY = YES;
				CLANG_WARN_ENUM_CONVERSION = YES;
				CLANG_WARN_INFINITE_RECURSION = YES;
				CLANG_WARN_INT_CONVERSION = YES;
				CLANG_WARN_NON_LITERAL_NULL_CONVERSION = YES;
				CLANG_WARN_OBJC_IMPLICIT_RETAIN_SELF = YES;
				CLANG_WARN_OBJC_LITERAL_CONVERSION = YES;
				CLANG_WARN_OBJC_ROOT_CLASS = YES_ERROR;
				CLANG_WARN_QUOTED_INCLUDE_IN_FRAMEWORK_HEADER = YES;
				CLANG_WARN_RANGE_LOOP_ANALYSIS = YES;
				CLANG_WARN_STRICT_PROTOTYPES = YES;
				CLANG_WARN_SUSPICIOUS_MOVE = YES;
				CLANG_WARN_UNGUARDED_AVAILABILITY = YES_AGGRESSIVE;
				CLANG_WARN_UNREACHABLE_CODE = YES;
				CLANG_WARN__DUPLICATE_METHOD_MATCH = YES;
				COPY_PHASE_STRIP = NO;
				DEBUG_INFORMATION_FORMAT = "dwarf-with-dsym";
				ENABLE_NS_ASSERTIONS = NO;
				ENABLE_STRICT_OBJC_MSGSEND = YES;
				GCC_C_LANGUAGE_STANDARD = gnu11;
				GCC_NO_COMMON_BLOCKS = YES;
				GCC_WARN_64_TO_32_BIT_CONVERSION = YES;
				GCC_WARN_ABOUT_RETURN_TYPE = YES_ERROR;
				GCC_WARN_UNDECLARED_SELECTOR = YES;
				GCC_WARN_UNINITIALIZED_AUTOS = YES_AGGRESSIVE;
				GCC_WARN_UNUSED_FUNCTION = YES;
				GCC_WARN_UNUSED_VARIABLE = YES;
				IPHONEOS_DEPLOYMENT_TARGET = 14.5;
				MTL_ENABLE_DEBUG_INFO = NO;
				MTL_FAST_MATH = YES;
				SDKROOT = iphoneos;
				SWIFT_COMPILATION_MODE = wholemodule;
				SWIFT_OPTIMIZATION_LEVEL = "-O";
				VALIDATE_PRODUCT = YES;
			};
			name = Release;
		};
		FBD2696826F4B35A0055C99D /* Debug */ = {
			isa = XCBuildConfiguration;
			buildSettings = {
				ASSETCATALOG_COMPILER_APPICON_NAME = AppIcon;
				ASSETCATALOG_COMPILER_GLOBAL_ACCENT_COLOR_NAME = AccentColor;
				CODE_SIGN_STYLE = Automatic;
				DEVELOPMENT_ASSET_PATHS = "\"Lesson_2(Text)/Preview Content\"";
				DEVELOPMENT_TEAM = VKVBX8RQ53;
				ENABLE_PREVIEWS = YES;
				INFOPLIST_FILE = "Lesson_2(Text)/Info.plist";
				LD_RUNPATH_SEARCH_PATHS = (
					"$(inherited)",
					"@executable_path/Frameworks",
				);
				PRODUCT_BUNDLE_IDENTIFIER = "com.pavelspitsin.Lesson-2-Text-";
				PRODUCT_NAME = "$(TARGET_NAME)";
				SWIFT_VERSION = 5.0;
				TARGETED_DEVICE_FAMILY = "1,2";
			};
			name = Debug;
		};
		FBD2696926F4B35A0055C99D /* Release */ = {
			isa = XCBuildConfiguration;
			buildSettings = {
				ASSETCATALOG_COMPILER_APPICON_NAME = AppIcon;
				ASSETCATALOG_COMPILER_GLOBAL_ACCENT_COLOR_NAME = AccentColor;
				CODE_SIGN_STYLE = Automatic;
				DEVELOPMENT_ASSET_PATHS = "\"Lesson_2(Text)/Preview Content\"";
				DEVELOPMENT_TEAM = VKVBX8RQ53;
				ENABLE_PREVIEWS = YES;
				INFOPLIST_FILE = "Lesson_2(Text)/Info.plist";
				LD_RUNPATH_SEARCH_PATHS = (
					"$(inherited)",
					"@executable_path/Frameworks",
				);
				PRODUCT_BUNDLE_IDENTIFIER = "com.pavelspitsin.Lesson-2-Text-";
				PRODUCT_NAME = "$(TARGET_NAME)";
				SWIFT_VERSION = 5.0;
				TARGETED_DEVICE_FAMILY = "1,2";
			};
			name = Release;
		};
/* End XCBuildConfiguration section */

/* Begin XCConfigurationList section */
		FBD2694E26F4B3580055C99D /* Build configuration list for PBXProject "Lesson_2(Text)" */ = {
			isa = XCConfigurationList;
			buildConfigurations = (
				FBD2696526F4B35A0055C99D /* Debug */,
				FBD2696626F4B35A0055C99D /* Release */,
			);
			defaultConfigurationIsVisible = 0;
			defaultConfigurationName = Release;
		};
		FBD2696726F4B35A0055C99D /* Build configuration list for PBXNativeTarget "Lesson_2(Text)" */ = {
			isa = XCConfigurationList;
			buildConfigurations = (
				FBD2696826F4B35A0055C99D /* Debug */,
				FBD2696926F4B35A0055C99D /* Release */,
			);
			defaultConfigurationIsVisible = 0;
			defaultConfigurationName = Release;
		};
/* End XCConfigurationList section */
	};
	rootObject = FBD2694B26F4B3580055C99D /* Project object */;
}
