// !$*UTF8*$!
{
	archiveVersion = 1;
	classes = {
	};
	objectVersion = 50;
	objects = {

/* Begin PBXBuildFile section */
		E9774CE626B95D470010BC17 /* SCVCell.swift in Sources */ = {isa = PBXBuildFile; fileRef = E9774CE526B95D470010BC17 /* SCVCell.swift */; };
		FB1B90CB26B3DF9B0054497C /* AppDelegate.swift in Sources */ = {isa = PBXBuildFile; fileRef = FB1B90CA26B3DF9B0054497C /* AppDelegate.swift */; };
		FB1B90CF26B3DF9B0054497C /* MosaicViewController.swift in Sources */ = {isa = PBXBuildFile; fileRef = FB1B90CE26B3DF9B0054497C /* MosaicViewController.swift */; };
		FB1B90D426B3DF9C0054497C /* Assets.xcassets in Resources */ = {isa = PBXBuildFile; fileRef = FB1B90D326B3DF9C0054497C /* Assets.xcassets */; };
		FB1B90D726B3DF9C0054497C /* LaunchScreen.storyboard in Resources */ = {isa = PBXBuildFile; fileRef = FB1B90D526B3DF9C0054497C /* LaunchScreen.storyboard */; };
		FB1B90DF26B3E0670054497C /* iPhone.storyboard in Resources */ = {isa = PBXBuildFile; fileRef = FB1B90DE26B3E0670054497C /* iPhone.storyboard */; };
		FB1B90E126B3E0800054497C /* iPad.storyboard in Resources */ = {isa = PBXBuildFile; fileRef = FB1B90E026B3E0800054497C /* iPad.storyboard */; };
		FB1B90E326B3E7C00054497C /* MosaicCollectionViewCell.swift in Sources */ = {isa = PBXBuildFile; fileRef = FB1B90E226B3E7C00054497C /* MosaicCollectionViewCell.swift */; };
		FB1B90E526B3F6480054497C /* CarouselViewController.swift in Sources */ = {isa = PBXBuildFile; fileRef = FB1B90E426B3F6480054497C /* CarouselViewController.swift */; };
		FB1B90E726B40B8A0054497C /* ScrollViewController.swift in Sources */ = {isa = PBXBuildFile; fileRef = FB1B90E626B40B8A0054497C /* ScrollViewController.swift */; };
		FB1B90E926B41BEF0054497C /* CarouselCollectionViewCell.swift in Sources */ = {isa = PBXBuildFile; fileRef = FB1B90E826B41BEF0054497C /* CarouselCollectionViewCell.swift */; };
		FBD8F91526B43B18001C7F2B /* PhotoManager.swift in Sources */ = {isa = PBXBuildFile; fileRef = FBD8F91426B43B18001C7F2B /* PhotoManager.swift */; };
/* End PBXBuildFile section */

/* Begin PBXFileReference section */
		E9774CE526B95D470010BC17 /* SCVCell.swift */ = {isa = PBXFileReference; lastKnownFileType = sourcecode.swift; path = SCVCell.swift; sourceTree = "<group>"; };
		FB1B90C726B3DF9B0054497C /* MyGallery.app */ = {isa = PBXFileReference; explicitFileType = wrapper.application; includeInIndex = 0; path = MyGallery.app; sourceTree = BUILT_PRODUCTS_DIR; };
		FB1B90CA26B3DF9B0054497C /* AppDelegate.swift */ = {isa = PBXFileReference; lastKnownFileType = sourcecode.swift; path = AppDelegate.swift; sourceTree = "<group>"; };
		FB1B90CE26B3DF9B0054497C /* MosaicViewController.swift */ = {isa = PBXFileReference; lastKnownFileType = sourcecode.swift; path = MosaicViewController.swift; sourceTree = "<group>"; };
		FB1B90D326B3DF9C0054497C /* Assets.xcassets */ = {isa = PBXFileReference; lastKnownFileType = folder.assetcatalog; path = Assets.xcassets; sourceTree = "<group>"; };
		FB1B90D626B3DF9C0054497C /* Base */ = {isa = PBXFileReference; lastKnownFileType = file.storyboard; name = Base; path = Base.lproj/LaunchScreen.storyboard; sourceTree = "<group>"; };
		FB1B90D826B3DF9C0054497C /* Info.plist */ = {isa = PBXFileReference; lastKnownFileType = text.plist.xml; path = Info.plist; sourceTree = "<group>"; };
		FB1B90DE26B3E0670054497C /* iPhone.storyboard */ = {isa = PBXFileReference; lastKnownFileType = file.storyboard; path = iPhone.storyboard; sourceTree = "<group>"; };
		FB1B90E026B3E0800054497C /* iPad.storyboard */ = {isa = PBXFileReference; lastKnownFileType = file.storyboard; path = iPad.storyboard; sourceTree = "<group>"; };
		FB1B90E226B3E7C00054497C /* MosaicCollectionViewCell.swift */ = {isa = PBXFileReference; lastKnownFileType = sourcecode.swift; path = MosaicCollectionViewCell.swift; sourceTree = "<group>"; };
		FB1B90E426B3F6480054497C /* CarouselViewController.swift */ = {isa = PBXFileReference; lastKnownFileType = sourcecode.swift; path = CarouselViewController.swift; sourceTree = "<group>"; };
		FB1B90E626B40B8A0054497C /* ScrollViewController.swift */ = {isa = PBXFileReference; lastKnownFileType = sourcecode.swift; path = ScrollViewController.swift; sourceTree = "<group>"; };
		FB1B90E826B41BEF0054497C /* CarouselCollectionViewCell.swift */ = {isa = PBXFileReference; lastKnownFileType = sourcecode.swift; path = CarouselCollectionViewCell.swift; sourceTree = "<group>"; };
		FBD8F91426B43B18001C7F2B /* PhotoManager.swift */ = {isa = PBXFileReference; lastKnownFileType = sourcecode.swift; path = PhotoManager.swift; sourceTree = "<group>"; };
/* End PBXFileReference section */

/* Begin PBXFrameworksBuildPhase section */
		FB1B90C426B3DF9B0054497C /* Frameworks */ = {
			isa = PBXFrameworksBuildPhase;
			buildActionMask = 2147483647;
			files = (
			);
			runOnlyForDeploymentPostprocessing = 0;
		};
/* End PBXFrameworksBuildPhase section */

/* Begin PBXGroup section */
		FB1B90BE26B3DF9B0054497C = {
			isa = PBXGroup;
			children = (
				FB1B90C926B3DF9B0054497C /* MyGallery */,
				FB1B90C826B3DF9B0054497C /* Products */,
			);
			sourceTree = "<group>";
		};
		FB1B90C826B3DF9B0054497C /* Products */ = {
			isa = PBXGroup;
			children = (
				FB1B90C726B3DF9B0054497C /* MyGallery.app */,
			);
			name = Products;
			sourceTree = "<group>";
		};
		FB1B90C926B3DF9B0054497C /* MyGallery */ = {
			isa = PBXGroup;
			children = (
				FB1B90CA26B3DF9B0054497C /* AppDelegate.swift */,
				FB1B90CE26B3DF9B0054497C /* MosaicViewController.swift */,
				FB1B90E226B3E7C00054497C /* MosaicCollectionViewCell.swift */,
				FB1B90E426B3F6480054497C /* CarouselViewController.swift */,
				FB1B90E826B41BEF0054497C /* CarouselCollectionViewCell.swift */,
				FB1B90E626B40B8A0054497C /* ScrollViewController.swift */,
				E9774CE526B95D470010BC17 /* SCVCell.swift */,
				FBD8F91426B43B18001C7F2B /* PhotoManager.swift */,
				FB1B90DE26B3E0670054497C /* iPhone.storyboard */,
				FB1B90E026B3E0800054497C /* iPad.storyboard */,
				FB1B90D326B3DF9C0054497C /* Assets.xcassets */,
				FB1B90D526B3DF9C0054497C /* LaunchScreen.storyboard */,
				FB1B90D826B3DF9C0054497C /* Info.plist */,
			);
			path = MyGallery;
			sourceTree = "<group>";
		};
/* End PBXGroup section */

/* Begin PBXNativeTarget section */
		FB1B90C626B3DF9B0054497C /* MyGallery */ = {
			isa = PBXNativeTarget;
			buildConfigurationList = FB1B90DB26B3DF9C0054497C /* Build configuration list for PBXNativeTarget "MyGallery" */;
			buildPhases = (
				FB1B90C326B3DF9B0054497C /* Sources */,
				FB1B90C426B3DF9B0054497C /* Frameworks */,
				FB1B90C526B3DF9B0054497C /* Resources */,
			);
			buildRules = (
			);
			dependencies = (
			);
			name = MyGallery;
			productName = MyGallery;
			productReference = FB1B90C726B3DF9B0054497C /* MyGallery.app */;
			productType = "com.apple.product-type.application";
		};
/* End PBXNativeTarget section */

/* Begin PBXProject section */
		FB1B90BF26B3DF9B0054497C /* Project object */ = {
			isa = PBXProject;
			attributes = {
				LastSwiftUpdateCheck = 1250;
				LastUpgradeCheck = 1250;
				TargetAttributes = {
					FB1B90C626B3DF9B0054497C = {
						CreatedOnToolsVersion = 12.5.1;
					};
				};
			};
			buildConfigurationList = FB1B90C226B3DF9B0054497C /* Build configuration list for PBXProject "MyGallery" */;
			compatibilityVersion = "Xcode 9.3";
			developmentRegion = en;
			hasScannedForEncodings = 0;
			knownRegions = (
				en,
				Base,
			);
			mainGroup = FB1B90BE26B3DF9B0054497C;
			productRefGroup = FB1B90C826B3DF9B0054497C /* Products */;
			projectDirPath = "";
			projectRoot = "";
			targets = (
				FB1B90C626B3DF9B0054497C /* MyGallery */,
			);
		};
/* End PBXProject section */

/* Begin PBXResourcesBuildPhase section */
		FB1B90C526B3DF9B0054497C /* Resources */ = {
			isa = PBXResourcesBuildPhase;
			buildActionMask = 2147483647;
			files = (
				FB1B90E126B3E0800054497C /* iPad.storyboard in Resources */,
				FB1B90D726B3DF9C0054497C /* LaunchScreen.storyboard in Resources */,
				FB1B90DF26B3E0670054497C /* iPhone.storyboard in Resources */,
				FB1B90D426B3DF9C0054497C /* Assets.xcassets in Resources */,
			);
			runOnlyForDeploymentPostprocessing = 0;
		};
/* End PBXResourcesBuildPhase section */

/* Begin PBXSourcesBuildPhase section */
		FB1B90C326B3DF9B0054497C /* Sources */ = {
			isa = PBXSourcesBuildPhase;
			buildActionMask = 2147483647;
			files = (
				FB1B90E526B3F6480054497C /* CarouselViewController.swift in Sources */,
				FB1B90CF26B3DF9B0054497C /* MosaicViewController.swift in Sources */,
				FBD8F91526B43B18001C7F2B /* PhotoManager.swift in Sources */,
				FB1B90E726B40B8A0054497C /* ScrollViewController.swift in Sources */,
				E9774CE626B95D470010BC17 /* SCVCell.swift in Sources */,
				FB1B90CB26B3DF9B0054497C /* AppDelegate.swift in Sources */,
				FB1B90E926B41BEF0054497C /* CarouselCollectionViewCell.swift in Sources */,
				FB1B90E326B3E7C00054497C /* MosaicCollectionViewCell.swift in Sources */,
			);
			runOnlyForDeploymentPostprocessing = 0;
		};
/* End PBXSourcesBuildPhase section */

/* Begin PBXVariantGroup section */
		FB1B90D526B3DF9C0054497C /* LaunchScreen.storyboard */ = {
			isa = PBXVariantGroup;
			children = (
				FB1B90D626B3DF9C0054497C /* Base */,
			);
			name = LaunchScreen.storyboard;
			sourceTree = "<group>";
		};
/* End PBXVariantGroup section */

/* Begin XCBuildConfiguration section */
		FB1B90D926B3DF9C0054497C /* Debug */ = {
			isa = XCBuildConfiguration;
			buildSettings = {
				ALWAYS_SEARCH_USER_PATHS = NO;
				CLANG_ANALYZER_NONNULL = YES;
				CLANG_ANALYZER_NUMBER_OBJECT_CONVERSION = YES_AGGRESSIVE;
				CLANG_CXX_LANGUAGE_STANDARD = "gnu++14";
				CLANG_CXX_LIBRARY = "libc++";
				CLANG_ENABLE_MODULES = YES;
				CLANG_ENABLE_OBJC_ARC = YES;
				CLANG_ENABLE_OBJC_WEAK = YES;
				CLANG_WARN_BLOCK_CAPTURE_AUTORELEASING = YES;
				CLANG_WARN_BOOL_CONVERSION = YES;
				CLANG_WARN_COMMA = YES;
				CLANG_WARN_CONSTANT_CONVERSION = YES;
				CLANG_WARN_DEPRECATED_OBJC_IMPLEMENTATIONS = YES;
				CLANG_WARN_DIRECT_OBJC_ISA_USAGE = YES_ERROR;
				CLANG_WARN_DOCUMENTATION_COMMENTS = YES;
				CLANG_WARN_EMPTY_BODY = YES;
				CLANG_WARN_ENUM_CONVERSION = YES;
				CLANG_WARN_INFINITE_RECURSION = YES;
				CLANG_WARN_INT_CONVERSION = YES;
				CLANG_WARN_NON_LITERAL_NULL_CONVERSION = YES;
				CLANG_WARN_OBJC_IMPLICIT_RETAIN_SELF = YES;
				CLANG_WARN_OBJC_LITERAL_CONVERSION = YES;
				CLANG_WARN_OBJC_ROOT_CLASS = YES_ERROR;
				CLANG_WARN_QUOTED_INCLUDE_IN_FRAMEWORK_HEADER = YES;
				CLANG_WARN_RANGE_LOOP_ANALYSIS = YES;
				CLANG_WARN_STRICT_PROTOTYPES = YES;
				CLANG_WARN_SUSPICIOUS_MOVE = YES;
				CLANG_WARN_UNGUARDED_AVAILABILITY = YES_AGGRESSIVE;
				CLANG_WARN_UNREACHABLE_CODE = YES;
				CLANG_WARN__DUPLICATE_METHOD_MATCH = YES;
				COPY_PHASE_STRIP = NO;
				DEBUG_INFORMATION_FORMAT = dwarf;
				ENABLE_STRICT_OBJC_MSGSEND = YES;
				ENABLE_TESTABILITY = YES;
				GCC_C_LANGUAGE_STANDARD = gnu11;
				GCC_DYNAMIC_NO_PIC = NO;
				GCC_NO_COMMON_BLOCKS = YES;
				GCC_OPTIMIZATION_LEVEL = 0;
				GCC_PREPROCESSOR_DEFINITIONS = (
					"DEBUG=1",
					"$(inherited)",
				);
				GCC_WARN_64_TO_32_BIT_CONVERSION = YES;
				GCC_WARN_ABOUT_RETURN_TYPE = YES_ERROR;
				GCC_WARN_UNDECLARED_SELECTOR = YES;
				GCC_WARN_UNINITIALIZED_AUTOS = YES_AGGRESSIVE;
				GCC_WARN_UNUSED_FUNCTION = YES;
				GCC_WARN_UNUSED_VARIABLE = YES;
				IPHONEOS_DEPLOYMENT_TARGET = 13.0;
				MTL_ENABLE_DEBUG_INFO = INCLUDE_SOURCE;
				MTL_FAST_MATH = YES;
				ONLY_ACTIVE_ARCH = YES;
				SDKROOT = iphoneos;
				SWIFT_ACTIVE_COMPILATION_CONDITIONS = DEBUG;
				SWIFT_OPTIMIZATION_LEVEL = "-Onone";
			};
			name = Debug;
		};
		FB1B90DA26B3DF9C0054497C /* Release */ = {
			isa = XCBuildConfiguration;
			buildSettings = {
				ALWAYS_SEARCH_USER_PATHS = NO;
				CLANG_ANALYZER_NONNULL = YES;
				CLANG_ANALYZER_NUMBER_OBJECT_CONVERSION = YES_AGGRESSIVE;
				CLANG_CXX_LANGUAGE_STANDARD = "gnu++14";
				CLANG_CXX_LIBRARY = "libc++";
				CLANG_ENABLE_MODULES = YES;
				CLANG_ENABLE_OBJC_ARC = YES;
				CLANG_ENABLE_OBJC_WEAK = YES;
				CLANG_WARN_BLOCK_CAPTURE_AUTORELEASING = YES;
				CLANG_WARN_BOOL_CONVERSION = YES;
				CLANG_WARN_COMMA = YES;
				CLANG_WARN_CONSTANT_CONVERSION = YES;
				CLANG_WARN_DEPRECATED_OBJC_IMPLEMENTATIONS = YES;
				CLANG_WARN_DIRECT_OBJC_ISA_USAGE = YES_ERROR;
				CLANG_WARN_DOCUMENTATION_COMMENTS = YES;
				CLANG_WARN_EMPTY_BODY = YES;
				CLANG_WARN_ENUM_CONVERSION = YES;
				CLANG_WARN_INFINITE_RECURSION = YES;
				CLANG_WARN_INT_CONVERSION = YES;
				CLANG_WARN_NON_LITERAL_NULL_CONVERSION = YES;
				CLANG_WARN_OBJC_IMPLICIT_RETAIN_SELF = YES;
				CLANG_WARN_OBJC_LITERAL_CONVERSION = YES;
				CLANG_WARN_OBJC_ROOT_CLASS = YES_ERROR;
				CLANG_WARN_QUOTED_INCLUDE_IN_FRAMEWORK_HEADER = YES;
				CLANG_WARN_RANGE_LOOP_ANALYSIS = YES;
				CLANG_WARN_STRICT_PROTOTYPES = YES;
				CLANG_WARN_SUSPICIOUS_MOVE = YES;
				CLANG_WARN_UNGUARDED_AVAILABILITY = YES_AGGRESSIVE;
				CLANG_WARN_UNREACHABLE_CODE = YES;
				CLANG_WARN__DUPLICATE_METHOD_MATCH = YES;
				COPY_PHASE_STRIP = NO;
				DEBUG_INFORMATION_FORMAT = "dwarf-with-dsym";
				ENABLE_NS_ASSERTIONS = NO;
				ENABLE_STRICT_OBJC_MSGSEND = YES;
				GCC_C_LANGUAGE_STANDARD = gnu11;
				GCC_NO_COMMON_BLOCKS = YES;
				GCC_WARN_64_TO_32_BIT_CONVERSION = YES;
				GCC_WARN_ABOUT_RETURN_TYPE = YES_ERROR;
				GCC_WARN_UNDECLARED_SELECTOR = YES;
				GCC_WARN_UNINITIALIZED_AUTOS = YES_AGGRESSIVE;
				GCC_WARN_UNUSED_FUNCTION = YES;
				GCC_WARN_UNUSED_VARIABLE = YES;
				IPHONEOS_DEPLOYMENT_TARGET = 13.0;
				MTL_ENABLE_DEBUG_INFO = NO;
				MTL_FAST_MATH = YES;
				SDKROOT = iphoneos;
				SWIFT_COMPILATION_MODE = wholemodule;
				SWIFT_OPTIMIZATION_LEVEL = "-O";
				VALIDATE_PRODUCT = YES;
			};
			name = Release;
		};
		FB1B90DC26B3DF9C0054497C /* Debug */ = {
			isa = XCBuildConfiguration;
			buildSettings = {
				ASSETCATALOG_COMPILER_APPICON_NAME = AppIcon;
				ASSETCATALOG_COMPILER_GLOBAL_ACCENT_COLOR_NAME = AccentColor;
				CODE_SIGN_STYLE = Automatic;
				DEVELOPMENT_TEAM = VKVBX8RQ53;
				INFOPLIST_FILE = MyGallery/Info.plist;
				LD_RUNPATH_SEARCH_PATHS = (
					"$(inherited)",
					"@executable_path/Frameworks",
				);
				PRODUCT_BUNDLE_IDENTIFIER = com.pavelspitsin.MyGallery;
				PRODUCT_NAME = "$(TARGET_NAME)";
				SWIFT_VERSION = 5.0;
				TARGETED_DEVICE_FAMILY = "1,2";
			};
			name = Debug;
		};
		FB1B90DD26B3DF9C0054497C /* Release */ = {
			isa = XCBuildConfiguration;
			buildSettings = {
				ASSETCATALOG_COMPILER_APPICON_NAME = AppIcon;
				ASSETCATALOG_COMPILER_GLOBAL_ACCENT_COLOR_NAME = AccentColor;
				CODE_SIGN_STYLE = Automatic;
				DEVELOPMENT_TEAM = VKVBX8RQ53;
				INFOPLIST_FILE = MyGallery/Info.plist;
				LD_RUNPATH_SEARCH_PATHS = (
					"$(inherited)",
					"@executable_path/Frameworks",
				);
				PRODUCT_BUNDLE_IDENTIFIER = com.pavelspitsin.MyGallery;
				PRODUCT_NAME = "$(TARGET_NAME)";
				SWIFT_VERSION = 5.0;
				TARGETED_DEVICE_FAMILY = "1,2";
			};
			name = Release;
		};
/* End XCBuildConfiguration section */

/* Begin XCConfigurationList section */
		FB1B90C226B3DF9B0054497C /* Build configuration list for PBXProject "MyGallery" */ = {
			isa = XCConfigurationList;
			buildConfigurations = (
				FB1B90D926B3DF9C0054497C /* Debug */,
				FB1B90DA26B3DF9C0054497C /* Release */,
			);
			defaultConfigurationIsVisible = 0;
			defaultConfigurationName = Release;
		};
		FB1B90DB26B3DF9C0054497C /* Build configuration list for PBXNativeTarget "MyGallery" */ = {
			isa = XCConfigurationList;
			buildConfigurations = (
				FB1B90DC26B3DF9C0054497C /* Debug */,
				FB1B90DD26B3DF9C0054497C /* Release */,
			);
			defaultConfigurationIsVisible = 0;
			defaultConfigurationName = Release;
		};
/* End XCConfigurationList section */
	};
	rootObject = FB1B90BF26B3DF9B0054497C /* Project object */;
}
