// !$*UTF8*$!
{
	archiveVersion = 1;
	classes = {
	};
	objectVersion = 50;
	objects = {

/* Begin PBXBuildFile section */
		FB21ABB82670E3E200B71CC6 /* AppDelegate.swift in Sources */ = {isa = PBXBuildFile; fileRef = FB21ABB72670E3E200B71CC6 /* AppDelegate.swift */; };
		FB21ABBA2670E3E200B71CC6 /* SceneDelegate.swift in Sources */ = {isa = PBXBuildFile; fileRef = FB21ABB92670E3E200B71CC6 /* SceneDelegate.swift */; };
		FB21ABBC2670E3E200B71CC6 /* ViewController.swift in Sources */ = {isa = PBXBuildFile; fileRef = FB21ABBB2670E3E200B71CC6 /* ViewController.swift */; };
		FB21ABBF2670E3E200B71CC6 /* Main.storyboard in Resources */ = {isa = PBXBuildFile; fileRef = FB21ABBD2670E3E200B71CC6 /* Main.storyboard */; };
		FB21ABC12670E3E400B71CC6 /* Assets.xcassets in Resources */ = {isa = PBXBuildFile; fileRef = FB21ABC02670E3E400B71CC6 /* Assets.xcassets */; };
		FB21ABC42670E3E400B71CC6 /* LaunchScreen.storyboard in Resources */ = {isa = PBXBuildFile; fileRef = FB21ABC22670E3E400B71CC6 /* LaunchScreen.storyboard */; };
		FB21ABCC2670E43200B71CC6 /* TestView.xib in Resources */ = {isa = PBXBuildFile; fileRef = FB21ABCB2670E43200B71CC6 /* TestView.xib */; };
		FB21ABCE2670E4FA00B71CC6 /* TestView.swift in Sources */ = {isa = PBXBuildFile; fileRef = FB21ABCD2670E4FA00B71CC6 /* TestView.swift */; };
/* End PBXBuildFile section */

/* Begin PBXFileReference section */
		FB21ABB42670E3E200B71CC6 /* MyCustomView.app */ = {isa = PBXFileReference; explicitFileType = wrapper.application; includeInIndex = 0; path = MyCustomView.app; sourceTree = BUILT_PRODUCTS_DIR; };
		FB21ABB72670E3E200B71CC6 /* AppDelegate.swift */ = {isa = PBXFileReference; lastKnownFileType = sourcecode.swift; path = AppDelegate.swift; sourceTree = "<group>"; };
		FB21ABB92670E3E200B71CC6 /* SceneDelegate.swift */ = {isa = PBXFileReference; lastKnownFileType = sourcecode.swift; path = SceneDelegate.swift; sourceTree = "<group>"; };
		FB21ABBB2670E3E200B71CC6 /* ViewController.swift */ = {isa = PBXFileReference; lastKnownFileType = sourcecode.swift; path = ViewController.swift; sourceTree = "<group>"; };
		FB21ABBE2670E3E200B71CC6 /* Base */ = {isa = PBXFileReference; lastKnownFileType = file.storyboard; name = Base; path = Base.lproj/Main.storyboard; sourceTree = "<group>"; };
		FB21ABC02670E3E400B71CC6 /* Assets.xcassets */ = {isa = PBXFileReference; lastKnownFileType = folder.assetcatalog; path = Assets.xcassets; sourceTree = "<group>"; };
		FB21ABC32670E3E400B71CC6 /* Base */ = {isa = PBXFileReference; lastKnownFileType = file.storyboard; name = Base; path = Base.lproj/LaunchScreen.storyboard; sourceTree = "<group>"; };
		FB21ABC52670E3E400B71CC6 /* Info.plist */ = {isa = PBXFileReference; lastKnownFileType = text.plist.xml; path = Info.plist; sourceTree = "<group>"; };
		FB21ABCB2670E43200B71CC6 /* TestView.xib */ = {isa = PBXFileReference; lastKnownFileType = file.xib; path = TestView.xib; sourceTree = "<group>"; };
		FB21ABCD2670E4FA00B71CC6 /* TestView.swift */ = {isa = PBXFileReference; lastKnownFileType = sourcecode.swift; path = TestView.swift; sourceTree = "<group>"; };
/* End PBXFileReference section */

/* Begin PBXFrameworksBuildPhase section */
		FB21ABB12670E3E200B71CC6 /* Frameworks */ = {
			isa = PBXFrameworksBuildPhase;
			buildActionMask = 2147483647;
			files = (
			);
			runOnlyForDeploymentPostprocessing = 0;
		};
/* End PBXFrameworksBuildPhase section */

/* Begin PBXGroup section */
		FB21ABAB2670E3E200B71CC6 = {
			isa = PBXGroup;
			children = (
				FB21ABB62670E3E200B71CC6 /* MyCustomView */,
				FB21ABB52670E3E200B71CC6 /* Products */,
			);
			sourceTree = "<group>";
		};
		FB21ABB52670E3E200B71CC6 /* Products */ = {
			isa = PBXGroup;
			children = (
				FB21ABB42670E3E200B71CC6 /* MyCustomView.app */,
			);
			name = Products;
			sourceTree = "<group>";
		};
		FB21ABB62670E3E200B71CC6 /* MyCustomView */ = {
			isa = PBXGroup;
			children = (
				FB21ABB72670E3E200B71CC6 /* AppDelegate.swift */,
				FB21ABB92670E3E200B71CC6 /* SceneDelegate.swift */,
				FB21ABBB2670E3E200B71CC6 /* ViewController.swift */,
				FB21ABCD2670E4FA00B71CC6 /* TestView.swift */,
				FB21ABBD2670E3E200B71CC6 /* Main.storyboard */,
				FB21ABCB2670E43200B71CC6 /* TestView.xib */,
				FB21ABC02670E3E400B71CC6 /* Assets.xcassets */,
				FB21ABC22670E3E400B71CC6 /* LaunchScreen.storyboard */,
				FB21ABC52670E3E400B71CC6 /* Info.plist */,
			);
			path = MyCustomView;
			sourceTree = "<group>";
		};
/* End PBXGroup section */

/* Begin PBXNativeTarget section */
		FB21ABB32670E3E200B71CC6 /* MyCustomView */ = {
			isa = PBXNativeTarget;
			buildConfigurationList = FB21ABC82670E3E400B71CC6 /* Build configuration list for PBXNativeTarget "MyCustomView" */;
			buildPhases = (
				FB21ABB02670E3E200B71CC6 /* Sources */,
				FB21ABB12670E3E200B71CC6 /* Frameworks */,
				FB21ABB22670E3E200B71CC6 /* Resources */,
			);
			buildRules = (
			);
			dependencies = (
			);
			name = MyCustomView;
			productName = MyCustomView;
			productReference = FB21ABB42670E3E200B71CC6 /* MyCustomView.app */;
			productType = "com.apple.product-type.application";
		};
/* End PBXNativeTarget section */

/* Begin PBXProject section */
		FB21ABAC2670E3E200B71CC6 /* Project object */ = {
			isa = PBXProject;
			attributes = {
				LastSwiftUpdateCheck = 1250;
				LastUpgradeCheck = 1250;
				TargetAttributes = {
					FB21ABB32670E3E200B71CC6 = {
						CreatedOnToolsVersion = 12.5;
					};
				};
			};
			buildConfigurationList = FB21ABAF2670E3E200B71CC6 /* Build configuration list for PBXProject "MyCustomView" */;
			compatibilityVersion = "Xcode 9.3";
			developmentRegion = en;
			hasScannedForEncodings = 0;
			knownRegions = (
				en,
				Base,
			);
			mainGroup = FB21ABAB2670E3E200B71CC6;
			productRefGroup = FB21ABB52670E3E200B71CC6 /* Products */;
			projectDirPath = "";
			projectRoot = "";
			targets = (
				FB21ABB32670E3E200B71CC6 /* MyCustomView */,
			);
		};
/* End PBXProject section */

/* Begin PBXResourcesBuildPhase section */
		FB21ABB22670E3E200B71CC6 /* Resources */ = {
			isa = PBXResourcesBuildPhase;
			buildActionMask = 2147483647;
			files = (
				FB21ABCC2670E43200B71CC6 /* TestView.xib in Resources */,
				FB21ABC42670E3E400B71CC6 /* LaunchScreen.storyboard in Resources */,
				FB21ABC12670E3E400B71CC6 /* Assets.xcassets in Resources */,
				FB21ABBF2670E3E200B71CC6 /* Main.storyboard in Resources */,
			);
			runOnlyForDeploymentPostprocessing = 0;
		};
/* End PBXResourcesBuildPhase section */

/* Begin PBXSourcesBuildPhase section */
		FB21ABB02670E3E200B71CC6 /* Sources */ = {
			isa = PBXSourcesBuildPhase;
			buildActionMask = 2147483647;
			files = (
				FB21ABCE2670E4FA00B71CC6 /* TestView.swift in Sources */,
				FB21ABBC2670E3E200B71CC6 /* ViewController.swift in Sources */,
				FB21ABB82670E3E200B71CC6 /* AppDelegate.swift in Sources */,
				FB21ABBA2670E3E200B71CC6 /* SceneDelegate.swift in Sources */,
			);
			runOnlyForDeploymentPostprocessing = 0;
		};
/* End PBXSourcesBuildPhase section */

/* Begin PBXVariantGroup section */
		FB21ABBD2670E3E200B71CC6 /* Main.storyboard */ = {
			isa = PBXVariantGroup;
			children = (
				FB21ABBE2670E3E200B71CC6 /* Base */,
			);
			name = Main.storyboard;
			sourceTree = "<group>";
		};
		FB21ABC22670E3E400B71CC6 /* LaunchScreen.storyboard */ = {
			isa = PBXVariantGroup;
			children = (
				FB21ABC32670E3E400B71CC6 /* Base */,
			);
			name = LaunchScreen.storyboard;
			sourceTree = "<group>";
		};
/* End PBXVariantGroup section */

/* Begin XCBuildConfiguration section */
		FB21ABC62670E3E400B71CC6 /* Debug */ = {
			isa = XCBuildConfiguration;
			buildSettings = {
				ALWAYS_SEARCH_USER_PATHS = NO;
				CLANG_ANALYZER_NONNULL = YES;
				CLANG_ANALYZER_NUMBER_OBJECT_CONVERSION = YES_AGGRESSIVE;
				CLANG_CXX_LANGUAGE_STANDARD = "gnu++14";
				CLANG_CXX_LIBRARY = "libc++";
				CLANG_ENABLE_MODULES = YES;
				CLANG_ENABLE_OBJC_ARC = YES;
				CLANG_ENABLE_OBJC_WEAK = YES;
				CLANG_WARN_BLOCK_CAPTURE_AUTORELEASING = YES;
				CLANG_WARN_BOOL_CONVERSION = YES;
				CLANG_WARN_COMMA = YES;
				CLANG_WARN_CONSTANT_CONVERSION = YES;
				CLANG_WARN_DEPRECATED_OBJC_IMPLEMENTATIONS = YES;
				CLANG_WARN_DIRECT_OBJC_ISA_USAGE = YES_ERROR;
				CLANG_WARN_DOCUMENTATION_COMMENTS = YES;
				CLANG_WARN_EMPTY_BODY = YES;
				CLANG_WARN_ENUM_CONVERSION = YES;
				CLANG_WARN_INFINITE_RECURSION = YES;
				CLANG_WARN_INT_CONVERSION = YES;
				CLANG_WARN_NON_LITERAL_NULL_CONVERSION = YES;
				CLANG_WARN_OBJC_IMPLICIT_RETAIN_SELF = YES;
				CLANG_WARN_OBJC_LITERAL_CONVERSION = YES;
				CLANG_WARN_OBJC_ROOT_CLASS = YES_ERROR;
				CLANG_WARN_QUOTED_INCLUDE_IN_FRAMEWORK_HEADER = YES;
				CLANG_WARN_RANGE_LOOP_ANALYSIS = YES;
				CLANG_WARN_STRICT_PROTOTYPES = YES;
				CLANG_WARN_SUSPICIOUS_MOVE = YES;
				CLANG_WARN_UNGUARDED_AVAILABILITY = YES_AGGRESSIVE;
				CLANG_WARN_UNREACHABLE_CODE = YES;
				CLANG_WARN__DUPLICATE_METHOD_MATCH = YES;
				COPY_PHASE_STRIP = NO;
				DEBUG_INFORMATION_FORMAT = dwarf;
				ENABLE_STRICT_OBJC_MSGSEND = YES;
				ENABLE_TESTABILITY = YES;
				GCC_C_LANGUAGE_STANDARD = gnu11;
				GCC_DYNAMIC_NO_PIC = NO;
				GCC_NO_COMMON_BLOCKS = YES;
				GCC_OPTIMIZATION_LEVEL = 0;
				GCC_PREPROCESSOR_DEFINITIONS = (
					"DEBUG=1",
					"$(inherited)",
				);
				GCC_WARN_64_TO_32_BIT_CONVERSION = YES;
				GCC_WARN_ABOUT_RETURN_TYPE = YES_ERROR;
				GCC_WARN_UNDECLARED_SELECTOR = YES;
				GCC_WARN_UNINITIALIZED_AUTOS = YES_AGGRESSIVE;
				GCC_WARN_UNUSED_FUNCTION = YES;
				GCC_WARN_UNUSED_VARIABLE = YES;
				IPHONEOS_DEPLOYMENT_TARGET = 14.5;
				MTL_ENABLE_DEBUG_INFO = INCLUDE_SOURCE;
				MTL_FAST_MATH = YES;
				ONLY_ACTIVE_ARCH = YES;
				SDKROOT = iphoneos;
				SWIFT_ACTIVE_COMPILATION_CONDITIONS = DEBUG;
				SWIFT_OPTIMIZATION_LEVEL = "-Onone";
			};
			name = Debug;
		};
		FB21ABC72670E3E400B71CC6 /* Release */ = {
			isa = XCBuildConfiguration;
			buildSettings = {
				ALWAYS_SEARCH_USER_PATHS = NO;
				CLANG_ANALYZER_NONNULL = YES;
				CLANG_ANALYZER_NUMBER_OBJECT_CONVERSION = YES_AGGRESSIVE;
				CLANG_CXX_LANGUAGE_STANDARD = "gnu++14";
				CLANG_CXX_LIBRARY = "libc++";
				CLANG_ENABLE_MODULES = YES;
				CLANG_ENABLE_OBJC_ARC = YES;
				CLANG_ENABLE_OBJC_WEAK = YES;
				CLANG_WARN_BLOCK_CAPTURE_AUTORELEASING = YES;
				CLANG_WARN_BOOL_CONVERSION = YES;
				CLANG_WARN_COMMA = YES;
				CLANG_WARN_CONSTANT_CONVERSION = YES;
				CLANG_WARN_DEPRECATED_OBJC_IMPLEMENTATIONS = YES;
				CLANG_WARN_DIRECT_OBJC_ISA_USAGE = YES_ERROR;
				CLANG_WARN_DOCUMENTATION_COMMENTS = YES;
				CLANG_WARN_EMPTY_BODY = YES;
				CLANG_WARN_ENUM_CONVERSION = YES;
				CLANG_WARN_INFINITE_RECURSION = YES;
				CLANG_WARN_INT_CONVERSION = YES;
				CLANG_WARN_NON_LITERAL_NULL_CONVERSION = YES;
				CLANG_WARN_OBJC_IMPLICIT_RETAIN_SELF = YES;
				CLANG_WARN_OBJC_LITERAL_CONVERSION = YES;
				CLANG_WARN_OBJC_ROOT_CLASS = YES_ERROR;
				CLANG_WARN_QUOTED_INCLUDE_IN_FRAMEWORK_HEADER = YES;
				CLANG_WARN_RANGE_LOOP_ANALYSIS = YES;
				CLANG_WARN_STRICT_PROTOTYPES = YES;
				CLANG_WARN_SUSPICIOUS_MOVE = YES;
				CLANG_WARN_UNGUARDED_AVAILABILITY = YES_AGGRESSIVE;
				CLANG_WARN_UNREACHABLE_CODE = YES;
				CLANG_WARN__DUPLICATE_METHOD_MATCH = YES;
				COPY_PHASE_STRIP = NO;
				DEBUG_INFORMATION_FORMAT = "dwarf-with-dsym";
				ENABLE_NS_ASSERTIONS = NO;
				ENABLE_STRICT_OBJC_MSGSEND = YES;
				GCC_C_LANGUAGE_STANDARD = gnu11;
				GCC_NO_COMMON_BLOCKS = YES;
				GCC_WARN_64_TO_32_BIT_CONVERSION = YES;
				GCC_WARN_ABOUT_RETURN_TYPE = YES_ERROR;
				GCC_WARN_UNDECLARED_SELECTOR = YES;
				GCC_WARN_UNINITIALIZED_AUTOS = YES_AGGRESSIVE;
				GCC_WARN_UNUSED_FUNCTION = YES;
				GCC_WARN_UNUSED_VARIABLE = YES;
				IPHONEOS_DEPLOYMENT_TARGET = 14.5;
				MTL_ENABLE_DEBUG_INFO = NO;
				MTL_FAST_MATH = YES;
				SDKROOT = iphoneos;
				SWIFT_COMPILATION_MODE = wholemodule;
				SWIFT_OPTIMIZATION_LEVEL = "-O";
				VALIDATE_PRODUCT = YES;
			};
			name = Release;
		};
		FB21ABC92670E3E400B71CC6 /* Debug */ = {
			isa = XCBuildConfiguration;
			buildSettings = {
				ASSETCATALOG_COMPILER_APPICON_NAME = AppIcon;
				ASSETCATALOG_COMPILER_GLOBAL_ACCENT_COLOR_NAME = AccentColor;
				CODE_SIGN_STYLE = Automatic;
				DEVELOPMENT_TEAM = VKVBX8RQ53;
				INFOPLIST_FILE = MyCustomView/Info.plist;
				LD_RUNPATH_SEARCH_PATHS = (
					"$(inherited)",
					"@executable_path/Frameworks",
				);
				PRODUCT_BUNDLE_IDENTIFIER = com.pavelspitsin.MyCustomView;
				PRODUCT_NAME = "$(TARGET_NAME)";
				SWIFT_VERSION = 5.0;
				TARGETED_DEVICE_FAMILY = "1,2";
			};
			name = Debug;
		};
		FB21ABCA2670E3E400B71CC6 /* Release */ = {
			isa = XCBuildConfiguration;
			buildSettings = {
				ASSETCATALOG_COMPILER_APPICON_NAME = AppIcon;
				ASSETCATALOG_COMPILER_GLOBAL_ACCENT_COLOR_NAME = AccentColor;
				CODE_SIGN_STYLE = Automatic;
				DEVELOPMENT_TEAM = VKVBX8RQ53;
				INFOPLIST_FILE = MyCustomView/Info.plist;
				LD_RUNPATH_SEARCH_PATHS = (
					"$(inherited)",
					"@executable_path/Frameworks",
				);
				PRODUCT_BUNDLE_IDENTIFIER = com.pavelspitsin.MyCustomView;
				PRODUCT_NAME = "$(TARGET_NAME)";
				SWIFT_VERSION = 5.0;
				TARGETED_DEVICE_FAMILY = "1,2";
			};
			name = Release;
		};
/* End XCBuildConfiguration section */

/* Begin XCConfigurationList section */
		FB21ABAF2670E3E200B71CC6 /* Build configuration list for PBXProject "MyCustomView" */ = {
			isa = XCConfigurationList;
			buildConfigurations = (
				FB21ABC62670E3E400B71CC6 /* Debug */,
				FB21ABC72670E3E400B71CC6 /* Release */,
			);
			defaultConfigurationIsVisible = 0;
			defaultConfigurationName = Release;
		};
		FB21ABC82670E3E400B71CC6 /* Build configuration list for PBXNativeTarget "MyCustomView" */ = {
			isa = XCConfigurationList;
			buildConfigurations = (
				FB21ABC92670E3E400B71CC6 /* Debug */,
				FB21ABCA2670E3E400B71CC6 /* Release */,
			);
			defaultConfigurationIsVisible = 0;
			defaultConfigurationName = Release;
		};
/* End XCConfigurationList section */
	};
	rootObject = FB21ABAC2670E3E200B71CC6 /* Project object */;
}
