// !$*UTF8*$!
{
	archiveVersion = 1;
	classes = {
	};
	objectVersion = 50;
	objects = {

/* Begin PBXBuildFile section */
		FB700AB6269C8C2F00D80343 /* AppDelegate.swift in Sources */ = {isa = PBXBuildFile; fileRef = FB700AB5269C8C2F00D80343 /* AppDelegate.swift */; };
		FB700AB8269C8C2F00D80343 /* SceneDelegate.swift in Sources */ = {isa = PBXBuildFile; fileRef = FB700AB7269C8C2F00D80343 /* SceneDelegate.swift */; };
		FB700ABA269C8C2F00D80343 /* ViewController.swift in Sources */ = {isa = PBXBuildFile; fileRef = FB700AB9269C8C2F00D80343 /* ViewController.swift */; };
		FB700ABD269C8C2F00D80343 /* Main.storyboard in Resources */ = {isa = PBXBuildFile; fileRef = FB700ABB269C8C2F00D80343 /* Main.storyboard */; };
		FB700ABF269C8C3000D80343 /* Assets.xcassets in Resources */ = {isa = PBXBuildFile; fileRef = FB700ABE269C8C3000D80343 /* Assets.xcassets */; };
		FB700AC2269C8C3000D80343 /* LaunchScreen.storyboard in Resources */ = {isa = PBXBuildFile; fileRef = FB700AC0269C8C3000D80343 /* LaunchScreen.storyboard */; };
		FB700ACC269C8D0900D80343 /* Localizable.strings in Resources */ = {isa = PBXBuildFile; fileRef = FB700ACE269C8D0900D80343 /* Localizable.strings */; };
/* End PBXBuildFile section */

/* Begin PBXFileReference section */
		FB700AB2269C8C2F00D80343 /* MyLocalization(medium).app */ = {isa = PBXFileReference; explicitFileType = wrapper.application; includeInIndex = 0; path = "MyLocalization(medium).app"; sourceTree = BUILT_PRODUCTS_DIR; };
		FB700AB5269C8C2F00D80343 /* AppDelegate.swift */ = {isa = PBXFileReference; lastKnownFileType = sourcecode.swift; path = AppDelegate.swift; sourceTree = "<group>"; };
		FB700AB7269C8C2F00D80343 /* SceneDelegate.swift */ = {isa = PBXFileReference; lastKnownFileType = sourcecode.swift; path = SceneDelegate.swift; sourceTree = "<group>"; };
		FB700AB9269C8C2F00D80343 /* ViewController.swift */ = {isa = PBXFileReference; lastKnownFileType = sourcecode.swift; path = ViewController.swift; sourceTree = "<group>"; };
		FB700ABC269C8C2F00D80343 /* Base */ = {isa = PBXFileReference; lastKnownFileType = file.storyboard; name = Base; path = Base.lproj/Main.storyboard; sourceTree = "<group>"; };
		FB700ABE269C8C3000D80343 /* Assets.xcassets */ = {isa = PBXFileReference; lastKnownFileType = folder.assetcatalog; path = Assets.xcassets; sourceTree = "<group>"; };
		FB700AC1269C8C3000D80343 /* Base */ = {isa = PBXFileReference; lastKnownFileType = file.storyboard; name = Base; path = Base.lproj/LaunchScreen.storyboard; sourceTree = "<group>"; };
		FB700AC3269C8C3000D80343 /* Info.plist */ = {isa = PBXFileReference; lastKnownFileType = text.plist.xml; path = Info.plist; sourceTree = "<group>"; };
		FB700ACD269C8D0900D80343 /* en */ = {isa = PBXFileReference; lastKnownFileType = text.plist.strings; name = en; path = en.lproj/Localizable.strings; sourceTree = "<group>"; };
		FB700ACF269C8D0B00D80343 /* ru */ = {isa = PBXFileReference; lastKnownFileType = text.plist.strings; name = ru; path = ru.lproj/Localizable.strings; sourceTree = "<group>"; };
		FB700AD2269C93A500D80343 /* ru */ = {isa = PBXFileReference; lastKnownFileType = text.plist.strings; name = ru; path = ru.lproj/Main.strings; sourceTree = "<group>"; };
/* End PBXFileReference section */

/* Begin PBXFrameworksBuildPhase section */
		FB700AAF269C8C2F00D80343 /* Frameworks */ = {
			isa = PBXFrameworksBuildPhase;
			buildActionMask = 2147483647;
			files = (
			);
			runOnlyForDeploymentPostprocessing = 0;
		};
/* End PBXFrameworksBuildPhase section */

/* Begin PBXGroup section */
		FB700AA9269C8C2F00D80343 = {
			isa = PBXGroup;
			children = (
				FB700AB4269C8C2F00D80343 /* MyLocalization(medium) */,
				FB700AB3269C8C2F00D80343 /* Products */,
			);
			sourceTree = "<group>";
		};
		FB700AB3269C8C2F00D80343 /* Products */ = {
			isa = PBXGroup;
			children = (
				FB700AB2269C8C2F00D80343 /* MyLocalization(medium).app */,
			);
			name = Products;
			sourceTree = "<group>";
		};
		FB700AB4269C8C2F00D80343 /* MyLocalization(medium) */ = {
			isa = PBXGroup;
			children = (
				FB700AB5269C8C2F00D80343 /* AppDelegate.swift */,
				FB700AB7269C8C2F00D80343 /* SceneDelegate.swift */,
				FB700AB9269C8C2F00D80343 /* ViewController.swift */,
				FB700ABB269C8C2F00D80343 /* Main.storyboard */,
				FB700ABE269C8C3000D80343 /* Assets.xcassets */,
				FB700AC0269C8C3000D80343 /* LaunchScreen.storyboard */,
				FB700AC3269C8C3000D80343 /* Info.plist */,
				FB700ACE269C8D0900D80343 /* Localizable.strings */,
			);
			path = "MyLocalization(medium)";
			sourceTree = "<group>";
		};
/* End PBXGroup section */

/* Begin PBXNativeTarget section */
		FB700AB1269C8C2F00D80343 /* MyLocalization(medium) */ = {
			isa = PBXNativeTarget;
			buildConfigurationList = FB700AC6269C8C3000D80343 /* Build configuration list for PBXNativeTarget "MyLocalization(medium)" */;
			buildPhases = (
				FB700AAE269C8C2F00D80343 /* Sources */,
				FB700AAF269C8C2F00D80343 /* Frameworks */,
				FB700AB0269C8C2F00D80343 /* Resources */,
			);
			buildRules = (
			);
			dependencies = (
			);
			name = "MyLocalization(medium)";
			productName = "MyLocalization(medium)";
			productReference = FB700AB2269C8C2F00D80343 /* MyLocalization(medium).app */;
			productType = "com.apple.product-type.application";
		};
/* End PBXNativeTarget section */

/* Begin PBXProject section */
		FB700AAA269C8C2F00D80343 /* Project object */ = {
			isa = PBXProject;
			attributes = {
				LastSwiftUpdateCheck = 1250;
				LastUpgradeCheck = 1250;
				TargetAttributes = {
					FB700AB1269C8C2F00D80343 = {
						CreatedOnToolsVersion = 12.5;
					};
				};
			};
			buildConfigurationList = FB700AAD269C8C2F00D80343 /* Build configuration list for PBXProject "MyLocalization(medium)" */;
			compatibilityVersion = "Xcode 9.3";
			developmentRegion = en;
			hasScannedForEncodings = 0;
			knownRegions = (
				en,
				Base,
				ru,
			);
			mainGroup = FB700AA9269C8C2F00D80343;
			productRefGroup = FB700AB3269C8C2F00D80343 /* Products */;
			projectDirPath = "";
			projectRoot = "";
			targets = (
				FB700AB1269C8C2F00D80343 /* MyLocalization(medium) */,
			);
		};
/* End PBXProject section */

/* Begin PBXResourcesBuildPhase section */
		FB700AB0269C8C2F00D80343 /* Resources */ = {
			isa = PBXResourcesBuildPhase;
			buildActionMask = 2147483647;
			files = (
				FB700AC2269C8C3000D80343 /* LaunchScreen.storyboard in Resources */,
				FB700ACC269C8D0900D80343 /* Localizable.strings in Resources */,
				FB700ABF269C8C3000D80343 /* Assets.xcassets in Resources */,
				FB700ABD269C8C2F00D80343 /* Main.storyboard in Resources */,
			);
			runOnlyForDeploymentPostprocessing = 0;
		};
/* End PBXResourcesBuildPhase section */

/* Begin PBXSourcesBuildPhase section */
		FB700AAE269C8C2F00D80343 /* Sources */ = {
			isa = PBXSourcesBuildPhase;
			buildActionMask = 2147483647;
			files = (
				FB700ABA269C8C2F00D80343 /* ViewController.swift in Sources */,
				FB700AB6269C8C2F00D80343 /* AppDelegate.swift in Sources */,
				FB700AB8269C8C2F00D80343 /* SceneDelegate.swift in Sources */,
			);
			runOnlyForDeploymentPostprocessing = 0;
		};
/* End PBXSourcesBuildPhase section */

/* Begin PBXVariantGroup section */
		FB700ABB269C8C2F00D80343 /* Main.storyboard */ = {
			isa = PBXVariantGroup;
			children = (
				FB700ABC269C8C2F00D80343 /* Base */,
				FB700AD2269C93A500D80343 /* ru */,
			);
			name = Main.storyboard;
			sourceTree = "<group>";
		};
		FB700AC0269C8C3000D80343 /* LaunchScreen.storyboard */ = {
			isa = PBXVariantGroup;
			children = (
				FB700AC1269C8C3000D80343 /* Base */,
			);
			name = LaunchScreen.storyboard;
			sourceTree = "<group>";
		};
		FB700ACE269C8D0900D80343 /* Localizable.strings */ = {
			isa = PBXVariantGroup;
			children = (
				FB700ACD269C8D0900D80343 /* en */,
				FB700ACF269C8D0B00D80343 /* ru */,
			);
			name = Localizable.strings;
			sourceTree = "<group>";
		};
/* End PBXVariantGroup section */

/* Begin XCBuildConfiguration section */
		FB700AC4269C8C3000D80343 /* Debug */ = {
			isa = XCBuildConfiguration;
			buildSettings = {
				ALWAYS_SEARCH_USER_PATHS = NO;
				CLANG_ANALYZER_LOCALIZABILITY_NONLOCALIZED = YES;
				CLANG_ANALYZER_NONNULL = YES;
				CLANG_ANALYZER_NUMBER_OBJECT_CONVERSION = YES_AGGRESSIVE;
				CLANG_CXX_LANGUAGE_STANDARD = "gnu++14";
				CLANG_CXX_LIBRARY = "libc++";
				CLANG_ENABLE_MODULES = YES;
				CLANG_ENABLE_OBJC_ARC = YES;
				CLANG_ENABLE_OBJC_WEAK = YES;
				CLANG_WARN_BLOCK_CAPTURE_AUTORELEASING = YES;
				CLANG_WARN_BOOL_CONVERSION = YES;
				CLANG_WARN_COMMA = YES;
				CLANG_WARN_CONSTANT_CONVERSION = YES;
				CLANG_WARN_DEPRECATED_OBJC_IMPLEMENTATIONS = YES;
				CLANG_WARN_DIRECT_OBJC_ISA_USAGE = YES_ERROR;
				CLANG_WARN_DOCUMENTATION_COMMENTS = YES;
				CLANG_WARN_EMPTY_BODY = YES;
				CLANG_WARN_ENUM_CONVERSION = YES;
				CLANG_WARN_INFINITE_RECURSION = YES;
				CLANG_WARN_INT_CONVERSION = YES;
				CLANG_WARN_NON_LITERAL_NULL_CONVERSION = YES;
				CLANG_WARN_OBJC_IMPLICIT_RETAIN_SELF = YES;
				CLANG_WARN_OBJC_LITERAL_CONVERSION = YES;
				CLANG_WARN_OBJC_ROOT_CLASS = YES_ERROR;
				CLANG_WARN_QUOTED_INCLUDE_IN_FRAMEWORK_HEADER = YES;
				CLANG_WARN_RANGE_LOOP_ANALYSIS = YES;
				CLANG_WARN_STRICT_PROTOTYPES = YES;
				CLANG_WARN_SUSPICIOUS_MOVE = YES;
				CLANG_WARN_UNGUARDED_AVAILABILITY = YES_AGGRESSIVE;
				CLANG_WARN_UNREACHABLE_CODE = YES;
				CLANG_WARN__DUPLICATE_METHOD_MATCH = YES;
				COPY_PHASE_STRIP = NO;
				DEBUG_INFORMATION_FORMAT = dwarf;
				ENABLE_STRICT_OBJC_MSGSEND = YES;
				ENABLE_TESTABILITY = YES;
				GCC_C_LANGUAGE_STANDARD = gnu11;
				GCC_DYNAMIC_NO_PIC = NO;
				GCC_NO_COMMON_BLOCKS = YES;
				GCC_OPTIMIZATION_LEVEL = 0;
				GCC_PREPROCESSOR_DEFINITIONS = (
					"DEBUG=1",
					"$(inherited)",
				);
				GCC_WARN_64_TO_32_BIT_CONVERSION = YES;
				GCC_WARN_ABOUT_RETURN_TYPE = YES_ERROR;
				GCC_WARN_UNDECLARED_SELECTOR = YES;
				GCC_WARN_UNINITIALIZED_AUTOS = YES_AGGRESSIVE;
				GCC_WARN_UNUSED_FUNCTION = YES;
				GCC_WARN_UNUSED_VARIABLE = YES;
				IPHONEOS_DEPLOYMENT_TARGET = 14.5;
				MTL_ENABLE_DEBUG_INFO = INCLUDE_SOURCE;
				MTL_FAST_MATH = YES;
				ONLY_ACTIVE_ARCH = YES;
				SDKROOT = iphoneos;
				SWIFT_ACTIVE_COMPILATION_CONDITIONS = DEBUG;
				SWIFT_OPTIMIZATION_LEVEL = "-Onone";
			};
			name = Debug;
		};
		FB700AC5269C8C3000D80343 /* Release */ = {
			isa = XCBuildConfiguration;
			buildSettings = {
				ALWAYS_SEARCH_USER_PATHS = NO;
				CLANG_ANALYZER_LOCALIZABILITY_NONLOCALIZED = YES;
				CLANG_ANALYZER_NONNULL = YES;
				CLANG_ANALYZER_NUMBER_OBJECT_CONVERSION = YES_AGGRESSIVE;
				CLANG_CXX_LANGUAGE_STANDARD = "gnu++14";
				CLANG_CXX_LIBRARY = "libc++";
				CLANG_ENABLE_MODULES = YES;
				CLANG_ENABLE_OBJC_ARC = YES;
				CLANG_ENABLE_OBJC_WEAK = YES;
				CLANG_WARN_BLOCK_CAPTURE_AUTORELEASING = YES;
				CLANG_WARN_BOOL_CONVERSION = YES;
				CLANG_WARN_COMMA = YES;
				CLANG_WARN_CONSTANT_CONVERSION = YES;
				CLANG_WARN_DEPRECATED_OBJC_IMPLEMENTATIONS = YES;
				CLANG_WARN_DIRECT_OBJC_ISA_USAGE = YES_ERROR;
				CLANG_WARN_DOCUMENTATION_COMMENTS = YES;
				CLANG_WARN_EMPTY_BODY = YES;
				CLANG_WARN_ENUM_CONVERSION = YES;
				CLANG_WARN_INFINITE_RECURSION = YES;
				CLANG_WARN_INT_CONVERSION = YES;
				CLANG_WARN_NON_LITERAL_NULL_CONVERSION = YES;
				CLANG_WARN_OBJC_IMPLICIT_RETAIN_SELF = YES;
				CLANG_WARN_OBJC_LITERAL_CONVERSION = YES;
				CLANG_WARN_OBJC_ROOT_CLASS = YES_ERROR;
				CLANG_WARN_QUOTED_INCLUDE_IN_FRAMEWORK_HEADER = YES;
				CLANG_WARN_RANGE_LOOP_ANALYSIS = YES;
				CLANG_WARN_STRICT_PROTOTYPES = YES;
				CLANG_WARN_SUSPICIOUS_MOVE = YES;
				CLANG_WARN_UNGUARDED_AVAILABILITY = YES_AGGRESSIVE;
				CLANG_WARN_UNREACHABLE_CODE = YES;
				CLANG_WARN__DUPLICATE_METHOD_MATCH = YES;
				COPY_PHASE_STRIP = NO;
				DEBUG_INFORMATION_FORMAT = "dwarf-with-dsym";
				ENABLE_NS_ASSERTIONS = NO;
				ENABLE_STRICT_OBJC_MSGSEND = YES;
				GCC_C_LANGUAGE_STANDARD = gnu11;
				GCC_NO_COMMON_BLOCKS = YES;
				GCC_WARN_64_TO_32_BIT_CONVERSION = YES;
				GCC_WARN_ABOUT_RETURN_TYPE = YES_ERROR;
				GCC_WARN_UNDECLARED_SELECTOR = YES;
				GCC_WARN_UNINITIALIZED_AUTOS = YES_AGGRESSIVE;
				GCC_WARN_UNUSED_FUNCTION = YES;
				GCC_WARN_UNUSED_VARIABLE = YES;
				IPHONEOS_DEPLOYMENT_TARGET = 14.5;
				MTL_ENABLE_DEBUG_INFO = NO;
				MTL_FAST_MATH = YES;
				SDKROOT = iphoneos;
				SWIFT_COMPILATION_MODE = wholemodule;
				SWIFT_OPTIMIZATION_LEVEL = "-O";
				VALIDATE_PRODUCT = YES;
			};
			name = Release;
		};
		FB700AC7269C8C3000D80343 /* Debug */ = {
			isa = XCBuildConfiguration;
			buildSettings = {
				ASSETCATALOG_COMPILER_APPICON_NAME = AppIcon;
				ASSETCATALOG_COMPILER_GLOBAL_ACCENT_COLOR_NAME = AccentColor;
				CODE_SIGN_STYLE = Automatic;
				DEVELOPMENT_TEAM = VKVBX8RQ53;
				INFOPLIST_FILE = "MyLocalization(medium)/Info.plist";
				LD_RUNPATH_SEARCH_PATHS = (
					"$(inherited)",
					"@executable_path/Frameworks",
				);
				PRODUCT_BUNDLE_IDENTIFIER = "com.pavelspitsin.MyLocalization-medium-";
				PRODUCT_NAME = "$(TARGET_NAME)";
				SWIFT_VERSION = 5.0;
				TARGETED_DEVICE_FAMILY = "1,2";
			};
			name = Debug;
		};
		FB700AC8269C8C3000D80343 /* Release */ = {
			isa = XCBuildConfiguration;
			buildSettings = {
				ASSETCATALOG_COMPILER_APPICON_NAME = AppIcon;
				ASSETCATALOG_COMPILER_GLOBAL_ACCENT_COLOR_NAME = AccentColor;
				CODE_SIGN_STYLE = Automatic;
				DEVELOPMENT_TEAM = VKVBX8RQ53;
				INFOPLIST_FILE = "MyLocalization(medium)/Info.plist";
				LD_RUNPATH_SEARCH_PATHS = (
					"$(inherited)",
					"@executable_path/Frameworks",
				);
				PRODUCT_BUNDLE_IDENTIFIER = "com.pavelspitsin.MyLocalization-medium-";
				PRODUCT_NAME = "$(TARGET_NAME)";
				SWIFT_VERSION = 5.0;
				TARGETED_DEVICE_FAMILY = "1,2";
			};
			name = Release;
		};
/* End XCBuildConfiguration section */

/* Begin XCConfigurationList section */
		FB700AAD269C8C2F00D80343 /* Build configuration list for PBXProject "MyLocalization(medium)" */ = {
			isa = XCConfigurationList;
			buildConfigurations = (
				FB700AC4269C8C3000D80343 /* Debug */,
				FB700AC5269C8C3000D80343 /* Release */,
			);
			defaultConfigurationIsVisible = 0;
			defaultConfigurationName = Release;
		};
		FB700AC6269C8C3000D80343 /* Build configuration list for PBXNativeTarget "MyLocalization(medium)" */ = {
			isa = XCConfigurationList;
			buildConfigurations = (
				FB700AC7269C8C3000D80343 /* Debug */,
				FB700AC8269C8C3000D80343 /* Release */,
			);
			defaultConfigurationIsVisible = 0;
			defaultConfigurationName = Release;
		};
/* End XCConfigurationList section */
	};
	rootObject = FB700AAA269C8C2F00D80343 /* Project object */;
}
