// !$*UTF8*$!
{
	archiveVersion = 1;
	classes = {
	};
	objectVersion = 50;
	objects = {

/* Begin PBXBuildFile section */
		F0676CD924209F4B00C3F16C /* AppDelegate.swift in Sources */ = {isa = PBXBuildFile; fileRef = F0676CD824209F4B00C3F16C /* AppDelegate.swift */; };
		F0676CDB24209F4B00C3F16C /* SceneDelegate.swift in Sources */ = {isa = PBXBuildFile; fileRef = F0676CDA24209F4B00C3F16C /* SceneDelegate.swift */; };
		F0676CDD24209F4B00C3F16C /* ViewController.swift in Sources */ = {isa = PBXBuildFile; fileRef = F0676CDC24209F4B00C3F16C /* ViewController.swift */; };
		F0676CE024209F4B00C3F16C /* Main.storyboard in Resources */ = {isa = PBXBuildFile; fileRef = F0676CDE24209F4B00C3F16C /* Main.storyboard */; };
		F0676CE224209F4D00C3F16C /* Assets.xcassets in Resources */ = {isa = PBXBuildFile; fileRef = F0676CE124209F4D00C3F16C /* Assets.xcassets */; };
		F0676CE524209F4D00C3F16C /* LaunchScreen.storyboard in Resources */ = {isa = PBXBuildFile; fileRef = F0676CE324209F4D00C3F16C /* LaunchScreen.storyboard */; };
		F0676CED2420A80C00C3F16C /* UserSettings.swift in Sources */ = {isa = PBXBuildFile; fileRef = F0676CEC2420A80C00C3F16C /* UserSettings.swift */; };
/* End PBXBuildFile section */

/* Begin PBXFileReference section */
		F0676CD524209F4B00C3F16C /* DefaultsProject.app */ = {isa = PBXFileReference; explicitFileType = wrapper.application; includeInIndex = 0; path = DefaultsProject.app; sourceTree = BUILT_PRODUCTS_DIR; };
		F0676CD824209F4B00C3F16C /* AppDelegate.swift */ = {isa = PBXFileReference; lastKnownFileType = sourcecode.swift; path = AppDelegate.swift; sourceTree = "<group>"; };
		F0676CDA24209F4B00C3F16C /* SceneDelegate.swift */ = {isa = PBXFileReference; lastKnownFileType = sourcecode.swift; path = SceneDelegate.swift; sourceTree = "<group>"; };
		F0676CDC24209F4B00C3F16C /* ViewController.swift */ = {isa = PBXFileReference; lastKnownFileType = sourcecode.swift; path = ViewController.swift; sourceTree = "<group>"; };
		F0676CDF24209F4B00C3F16C /* Base */ = {isa = PBXFileReference; lastKnownFileType = file.storyboard; name = Base; path = Base.lproj/Main.storyboard; sourceTree = "<group>"; };
		F0676CE124209F4D00C3F16C /* Assets.xcassets */ = {isa = PBXFileReference; lastKnownFileType = folder.assetcatalog; path = Assets.xcassets; sourceTree = "<group>"; };
		F0676CE424209F4D00C3F16C /* Base */ = {isa = PBXFileReference; lastKnownFileType = file.storyboard; name = Base; path = Base.lproj/LaunchScreen.storyboard; sourceTree = "<group>"; };
		F0676CE624209F4D00C3F16C /* Info.plist */ = {isa = PBXFileReference; lastKnownFileType = text.plist.xml; path = Info.plist; sourceTree = "<group>"; };
		F0676CEC2420A80C00C3F16C /* UserSettings.swift */ = {isa = PBXFileReference; lastKnownFileType = sourcecode.swift; path = UserSettings.swift; sourceTree = "<group>"; };
/* End PBXFileReference section */

/* Begin PBXFrameworksBuildPhase section */
		F0676CD224209F4B00C3F16C /* Frameworks */ = {
			isa = PBXFrameworksBuildPhase;
			buildActionMask = 2147483647;
			files = (
			);
			runOnlyForDeploymentPostprocessing = 0;
		};
/* End PBXFrameworksBuildPhase section */

/* Begin PBXGroup section */
		F0676CCC24209F4B00C3F16C = {
			isa = PBXGroup;
			children = (
				F0676CD724209F4B00C3F16C /* DefaultsProject */,
				F0676CD624209F4B00C3F16C /* Products */,
			);
			sourceTree = "<group>";
		};
		F0676CD624209F4B00C3F16C /* Products */ = {
			isa = PBXGroup;
			children = (
				F0676CD524209F4B00C3F16C /* DefaultsProject.app */,
			);
			name = Products;
			sourceTree = "<group>";
		};
		F0676CD724209F4B00C3F16C /* DefaultsProject */ = {
			isa = PBXGroup;
			children = (
				F0676CD824209F4B00C3F16C /* AppDelegate.swift */,
				F0676CDA24209F4B00C3F16C /* SceneDelegate.swift */,
				F0676CDC24209F4B00C3F16C /* ViewController.swift */,
				F0676CEC2420A80C00C3F16C /* UserSettings.swift */,
				F0676CDE24209F4B00C3F16C /* Main.storyboard */,
				F0676CE124209F4D00C3F16C /* Assets.xcassets */,
				F0676CE324209F4D00C3F16C /* LaunchScreen.storyboard */,
				F0676CE624209F4D00C3F16C /* Info.plist */,
			);
			path = DefaultsProject;
			sourceTree = "<group>";
		};
/* End PBXGroup section */

/* Begin PBXNativeTarget section */
		F0676CD424209F4B00C3F16C /* DefaultsProject */ = {
			isa = PBXNativeTarget;
			buildConfigurationList = F0676CE924209F4D00C3F16C /* Build configuration list for PBXNativeTarget "DefaultsProject" */;
			buildPhases = (
				F0676CD124209F4B00C3F16C /* Sources */,
				F0676CD224209F4B00C3F16C /* Frameworks */,
				F0676CD324209F4B00C3F16C /* Resources */,
			);
			buildRules = (
			);
			dependencies = (
			);
			name = DefaultsProject;
			productName = DefaultsProject;
			productReference = F0676CD524209F4B00C3F16C /* DefaultsProject.app */;
			productType = "com.apple.product-type.application";
		};
/* End PBXNativeTarget section */

/* Begin PBXProject section */
		F0676CCD24209F4B00C3F16C /* Project object */ = {
			isa = PBXProject;
			attributes = {
				LastSwiftUpdateCheck = 1120;
				LastUpgradeCheck = 1250;
				ORGANIZATIONNAME = "Алексей Пархоменко";
				TargetAttributes = {
					F0676CD424209F4B00C3F16C = {
						CreatedOnToolsVersion = 11.2.1;
					};
				};
			};
			buildConfigurationList = F0676CD024209F4B00C3F16C /* Build configuration list for PBXProject "DefaultsProject" */;
			compatibilityVersion = "Xcode 9.3";
			developmentRegion = en;
			hasScannedForEncodings = 0;
			knownRegions = (
				en,
				Base,
			);
			mainGroup = F0676CCC24209F4B00C3F16C;
			productRefGroup = F0676CD624209F4B00C3F16C /* Products */;
			projectDirPath = "";
			projectRoot = "";
			targets = (
				F0676CD424209F4B00C3F16C /* DefaultsProject */,
			);
		};
/* End PBXProject section */

/* Begin PBXResourcesBuildPhase section */
		F0676CD324209F4B00C3F16C /* Resources */ = {
			isa = PBXResourcesBuildPhase;
			buildActionMask = 2147483647;
			files = (
				F0676CE524209F4D00C3F16C /* LaunchScreen.storyboard in Resources */,
				F0676CE224209F4D00C3F16C /* Assets.xcassets in Resources */,
				F0676CE024209F4B00C3F16C /* Main.storyboard in Resources */,
			);
			runOnlyForDeploymentPostprocessing = 0;
		};
/* End PBXResourcesBuildPhase section */

/* Begin PBXSourcesBuildPhase section */
		F0676CD124209F4B00C3F16C /* Sources */ = {
			isa = PBXSourcesBuildPhase;
			buildActionMask = 2147483647;
			files = (
				F0676CDD24209F4B00C3F16C /* ViewController.swift in Sources */,
				F0676CED2420A80C00C3F16C /* UserSettings.swift in Sources */,
				F0676CD924209F4B00C3F16C /* AppDelegate.swift in Sources */,
				F0676CDB24209F4B00C3F16C /* SceneDelegate.swift in Sources */,
			);
			runOnlyForDeploymentPostprocessing = 0;
		};
/* End PBXSourcesBuildPhase section */

/* Begin PBXVariantGroup section */
		F0676CDE24209F4B00C3F16C /* Main.storyboard */ = {
			isa = PBXVariantGroup;
			children = (
				F0676CDF24209F4B00C3F16C /* Base */,
			);
			name = Main.storyboard;
			sourceTree = "<group>";
		};
		F0676CE324209F4D00C3F16C /* LaunchScreen.storyboard */ = {
			isa = PBXVariantGroup;
			children = (
				F0676CE424209F4D00C3F16C /* Base */,
			);
			name = LaunchScreen.storyboard;
			sourceTree = "<group>";
		};
/* End PBXVariantGroup section */

/* Begin XCBuildConfiguration section */
		F0676CE724209F4D00C3F16C /* Debug */ = {
			isa = XCBuildConfiguration;
			buildSettings = {
				ALWAYS_SEARCH_USER_PATHS = NO;
				CLANG_ANALYZER_NONNULL = YES;
				CLANG_ANALYZER_NUMBER_OBJECT_CONVERSION = YES_AGGRESSIVE;
				CLANG_CXX_LANGUAGE_STANDARD = "gnu++14";
				CLANG_CXX_LIBRARY = "libc++";
				CLANG_ENABLE_MODULES = YES;
				CLANG_ENABLE_OBJC_ARC = YES;
				CLANG_ENABLE_OBJC_WEAK = YES;
				CLANG_WARN_BLOCK_CAPTURE_AUTORELEASING = YES;
				CLANG_WARN_BOOL_CONVERSION = YES;
				CLANG_WARN_COMMA = YES;
				CLANG_WARN_CONSTANT_CONVERSION = YES;
				CLANG_WARN_DEPRECATED_OBJC_IMPLEMENTATIONS = YES;
				CLANG_WARN_DIRECT_OBJC_ISA_USAGE = YES_ERROR;
				CLANG_WARN_DOCUMENTATION_COMMENTS = YES;
				CLANG_WARN_EMPTY_BODY = YES;
				CLANG_WARN_ENUM_CONVERSION = YES;
				CLANG_WARN_INFINITE_RECURSION = YES;
				CLANG_WARN_INT_CONVERSION = YES;
				CLANG_WARN_NON_LITERAL_NULL_CONVERSION = YES;
				CLANG_WARN_OBJC_IMPLICIT_RETAIN_SELF = YES;
				CLANG_WARN_OBJC_LITERAL_CONVERSION = YES;
				CLANG_WARN_OBJC_ROOT_CLASS = YES_ERROR;
				CLANG_WARN_QUOTED_INCLUDE_IN_FRAMEWORK_HEADER = YES;
				CLANG_WARN_RANGE_LOOP_ANALYSIS = YES;
				CLANG_WARN_STRICT_PROTOTYPES = YES;
				CLANG_WARN_SUSPICIOUS_MOVE = YES;
				CLANG_WARN_UNGUARDED_AVAILABILITY = YES_AGGRESSIVE;
				CLANG_WARN_UNREACHABLE_CODE = YES;
				CLANG_WARN__DUPLICATE_METHOD_MATCH = YES;
				COPY_PHASE_STRIP = NO;
				DEBUG_INFORMATION_FORMAT = dwarf;
				ENABLE_STRICT_OBJC_MSGSEND = YES;
				ENABLE_TESTABILITY = YES;
				GCC_C_LANGUAGE_STANDARD = gnu11;
				GCC_DYNAMIC_NO_PIC = NO;
				GCC_NO_COMMON_BLOCKS = YES;
				GCC_OPTIMIZATION_LEVEL = 0;
				GCC_PREPROCESSOR_DEFINITIONS = (
					"DEBUG=1",
					"$(inherited)",
				);
				GCC_WARN_64_TO_32_BIT_CONVERSION = YES;
				GCC_WARN_ABOUT_RETURN_TYPE = YES_ERROR;
				GCC_WARN_UNDECLARED_SELECTOR = YES;
				GCC_WARN_UNINITIALIZED_AUTOS = YES_AGGRESSIVE;
				GCC_WARN_UNUSED_FUNCTION = YES;
				GCC_WARN_UNUSED_VARIABLE = YES;
				IPHONEOS_DEPLOYMENT_TARGET = 13.2;
				MTL_ENABLE_DEBUG_INFO = INCLUDE_SOURCE;
				MTL_FAST_MATH = YES;
				ONLY_ACTIVE_ARCH = YES;
				SDKROOT = iphoneos;
				SWIFT_ACTIVE_COMPILATION_CONDITIONS = DEBUG;
				SWIFT_OPTIMIZATION_LEVEL = "-Onone";
			};
			name = Debug;
		};
		F0676CE824209F4D00C3F16C /* Release */ = {
			isa = XCBuildConfiguration;
			buildSettings = {
				ALWAYS_SEARCH_USER_PATHS = NO;
				CLANG_ANALYZER_NONNULL = YES;
				CLANG_ANALYZER_NUMBER_OBJECT_CONVERSION = YES_AGGRESSIVE;
				CLANG_CXX_LANGUAGE_STANDARD = "gnu++14";
				CLANG_CXX_LIBRARY = "libc++";
				CLANG_ENABLE_MODULES = YES;
				CLANG_ENABLE_OBJC_ARC = YES;
				CLANG_ENABLE_OBJC_WEAK = YES;
				CLANG_WARN_BLOCK_CAPTURE_AUTORELEASING = YES;
				CLANG_WARN_BOOL_CONVERSION = YES;
				CLANG_WARN_COMMA = YES;
				CLANG_WARN_CONSTANT_CONVERSION = YES;
				CLANG_WARN_DEPRECATED_OBJC_IMPLEMENTATIONS = YES;
				CLANG_WARN_DIRECT_OBJC_ISA_USAGE = YES_ERROR;
				CLANG_WARN_DOCUMENTATION_COMMENTS = YES;
				CLANG_WARN_EMPTY_BODY = YES;
				CLANG_WARN_ENUM_CONVERSION = YES;
				CLANG_WARN_INFINITE_RECURSION = YES;
				CLANG_WARN_INT_CONVERSION = YES;
				CLANG_WARN_NON_LITERAL_NULL_CONVERSION = YES;
				CLANG_WARN_OBJC_IMPLICIT_RETAIN_SELF = YES;
				CLANG_WARN_OBJC_LITERAL_CONVERSION = YES;
				CLANG_WARN_OBJC_ROOT_CLASS = YES_ERROR;
				CLANG_WARN_QUOTED_INCLUDE_IN_FRAMEWORK_HEADER = YES;
				CLANG_WARN_RANGE_LOOP_ANALYSIS = YES;
				CLANG_WARN_STRICT_PROTOTYPES = YES;
				CLANG_WARN_SUSPICIOUS_MOVE = YES;
				CLANG_WARN_UNGUARDED_AVAILABILITY = YES_AGGRESSIVE;
				CLANG_WARN_UNREACHABLE_CODE = YES;
				CLANG_WARN__DUPLICATE_METHOD_MATCH = YES;
				COPY_PHASE_STRIP = NO;
				DEBUG_INFORMATION_FORMAT = "dwarf-with-dsym";
				ENABLE_NS_ASSERTIONS = NO;
				ENABLE_STRICT_OBJC_MSGSEND = YES;
				GCC_C_LANGUAGE_STANDARD = gnu11;
				GCC_NO_COMMON_BLOCKS = YES;
				GCC_WARN_64_TO_32_BIT_CONVERSION = YES;
				GCC_WARN_ABOUT_RETURN_TYPE = YES_ERROR;
				GCC_WARN_UNDECLARED_SELECTOR = YES;
				GCC_WARN_UNINITIALIZED_AUTOS = YES_AGGRESSIVE;
				GCC_WARN_UNUSED_FUNCTION = YES;
				GCC_WARN_UNUSED_VARIABLE = YES;
				IPHONEOS_DEPLOYMENT_TARGET = 13.2;
				MTL_ENABLE_DEBUG_INFO = NO;
				MTL_FAST_MATH = YES;
				SDKROOT = iphoneos;
				SWIFT_COMPILATION_MODE = wholemodule;
				SWIFT_OPTIMIZATION_LEVEL = "-O";
				VALIDATE_PRODUCT = YES;
			};
			name = Release;
		};
		F0676CEA24209F4D00C3F16C /* Debug */ = {
			isa = XCBuildConfiguration;
			buildSettings = {
				ASSETCATALOG_COMPILER_APPICON_NAME = AppIcon;
				CODE_SIGN_STYLE = Automatic;
				DEVELOPMENT_TEAM = VKVBX8RQ53;
				INFOPLIST_FILE = DefaultsProject/Info.plist;
				LD_RUNPATH_SEARCH_PATHS = (
					"$(inherited)",
					"@executable_path/Frameworks",
				);
				PRODUCT_BUNDLE_IDENTIFIER = com.pavelspitsin.DefaultsProject;
				PRODUCT_NAME = "$(TARGET_NAME)";
				SWIFT_VERSION = 5.0;
				TARGETED_DEVICE_FAMILY = "1,2";
			};
			name = Debug;
		};
		F0676CEB24209F4D00C3F16C /* Release */ = {
			isa = XCBuildConfiguration;
			buildSettings = {
				ASSETCATALOG_COMPILER_APPICON_NAME = AppIcon;
				CODE_SIGN_STYLE = Automatic;
				DEVELOPMENT_TEAM = VKVBX8RQ53;
				INFOPLIST_FILE = DefaultsProject/Info.plist;
				LD_RUNPATH_SEARCH_PATHS = (
					"$(inherited)",
					"@executable_path/Frameworks",
				);
				PRODUCT_BUNDLE_IDENTIFIER = com.pavelspitsin.DefaultsProject;
				PRODUCT_NAME = "$(TARGET_NAME)";
				SWIFT_VERSION = 5.0;
				TARGETED_DEVICE_FAMILY = "1,2";
			};
			name = Release;
		};
/* End XCBuildConfiguration section */

/* Begin XCConfigurationList section */
		F0676CD024209F4B00C3F16C /* Build configuration list for PBXProject "DefaultsProject" */ = {
			isa = XCConfigurationList;
			buildConfigurations = (
				F0676CE724209F4D00C3F16C /* Debug */,
				F0676CE824209F4D00C3F16C /* Release */,
			);
			defaultConfigurationIsVisible = 0;
			defaultConfigurationName = Release;
		};
		F0676CE924209F4D00C3F16C /* Build configuration list for PBXNativeTarget "DefaultsProject" */ = {
			isa = XCConfigurationList;
			buildConfigurations = (
				F0676CEA24209F4D00C3F16C /* Debug */,
				F0676CEB24209F4D00C3F16C /* Release */,
			);
			defaultConfigurationIsVisible = 0;
			defaultConfigurationName = Release;
		};
/* End XCConfigurationList section */
	};
	rootObject = F0676CCD24209F4B00C3F16C /* Project object */;
}
