// !$*UTF8*$!
{
	archiveVersion = 1;
	classes = {
	};
	objectVersion = 50;
	objects = {

/* Begin PBXBuildFile section */
		E9774CAA26B31CB20010BC17 /* AppDelegate.swift in Sources */ = {isa = PBXBuildFile; fileRef = E9774CA926B31CB20010BC17 /* AppDelegate.swift */; };
		E9774CAE26B31CB20010BC17 /* ViewController.swift in Sources */ = {isa = PBXBuildFile; fileRef = E9774CAD26B31CB20010BC17 /* ViewController.swift */; };
		E9774CB126B31CB20010BC17 /* iPhone.storyboard in Resources */ = {isa = PBXBuildFile; fileRef = E9774CAF26B31CB20010BC17 /* iPhone.storyboard */; };
		E9774CB326B31CB30010BC17 /* Assets.xcassets in Resources */ = {isa = PBXBuildFile; fileRef = E9774CB226B31CB30010BC17 /* Assets.xcassets */; };
		E9774CB626B31CB30010BC17 /* LaunchScreen.storyboard in Resources */ = {isa = PBXBuildFile; fileRef = E9774CB426B31CB30010BC17 /* LaunchScreen.storyboard */; };
		E9774CBE26B3255D0010BC17 /* iPad.storyboard in Resources */ = {isa = PBXBuildFile; fileRef = E9774CBD26B3255D0010BC17 /* iPad.storyboard */; };
/* End PBXBuildFile section */

/* Begin PBXFileReference section */
		E9774CA626B31CB20010BC17 /* MyGalleryTest.app */ = {isa = PBXFileReference; explicitFileType = wrapper.application; includeInIndex = 0; path = MyGalleryTest.app; sourceTree = BUILT_PRODUCTS_DIR; };
		E9774CA926B31CB20010BC17 /* AppDelegate.swift */ = {isa = PBXFileReference; lastKnownFileType = sourcecode.swift; path = AppDelegate.swift; sourceTree = "<group>"; };
		E9774CAD26B31CB20010BC17 /* ViewController.swift */ = {isa = PBXFileReference; lastKnownFileType = sourcecode.swift; path = ViewController.swift; sourceTree = "<group>"; };
		E9774CB026B31CB20010BC17 /* Base */ = {isa = PBXFileReference; lastKnownFileType = file.storyboard; name = Base; path = Base.lproj/iPhone.storyboard; sourceTree = "<group>"; };
		E9774CB226B31CB30010BC17 /* Assets.xcassets */ = {isa = PBXFileReference; lastKnownFileType = folder.assetcatalog; path = Assets.xcassets; sourceTree = "<group>"; };
		E9774CB526B31CB30010BC17 /* Base */ = {isa = PBXFileReference; lastKnownFileType = file.storyboard; name = Base; path = Base.lproj/LaunchScreen.storyboard; sourceTree = "<group>"; };
		E9774CB726B31CB30010BC17 /* Info.plist */ = {isa = PBXFileReference; lastKnownFileType = text.plist.xml; path = Info.plist; sourceTree = "<group>"; };
		E9774CBD26B3255D0010BC17 /* iPad.storyboard */ = {isa = PBXFileReference; lastKnownFileType = file.storyboard; path = iPad.storyboard; sourceTree = "<group>"; };
/* End PBXFileReference section */

/* Begin PBXFrameworksBuildPhase section */
		E9774CA326B31CB20010BC17 /* Frameworks */ = {
			isa = PBXFrameworksBuildPhase;
			buildActionMask = 2147483647;
			files = (
			);
			runOnlyForDeploymentPostprocessing = 0;
		};
/* End PBXFrameworksBuildPhase section */

/* Begin PBXGroup section */
		E9774C9D26B31CB20010BC17 = {
			isa = PBXGroup;
			children = (
				E9774CA826B31CB20010BC17 /* MyGalleryTest */,
				E9774CA726B31CB20010BC17 /* Products */,
			);
			sourceTree = "<group>";
		};
		E9774CA726B31CB20010BC17 /* Products */ = {
			isa = PBXGroup;
			children = (
				E9774CA626B31CB20010BC17 /* MyGalleryTest.app */,
			);
			name = Products;
			sourceTree = "<group>";
		};
		E9774CA826B31CB20010BC17 /* MyGalleryTest */ = {
			isa = PBXGroup;
			children = (
				E9774CA926B31CB20010BC17 /* AppDelegate.swift */,
				E9774CAD26B31CB20010BC17 /* ViewController.swift */,
				E9774CAF26B31CB20010BC17 /* iPhone.storyboard */,
				E9774CBD26B3255D0010BC17 /* iPad.storyboard */,
				E9774CB226B31CB30010BC17 /* Assets.xcassets */,
				E9774CB426B31CB30010BC17 /* LaunchScreen.storyboard */,
				E9774CB726B31CB30010BC17 /* Info.plist */,
			);
			path = MyGalleryTest;
			sourceTree = "<group>";
		};
/* End PBXGroup section */

/* Begin PBXNativeTarget section */
		E9774CA526B31CB20010BC17 /* MyGalleryTest */ = {
			isa = PBXNativeTarget;
			buildConfigurationList = E9774CBA26B31CB30010BC17 /* Build configuration list for PBXNativeTarget "MyGalleryTest" */;
			buildPhases = (
				E9774CA226B31CB20010BC17 /* Sources */,
				E9774CA326B31CB20010BC17 /* Frameworks */,
				E9774CA426B31CB20010BC17 /* Resources */,
			);
			buildRules = (
			);
			dependencies = (
			);
			name = MyGalleryTest;
			productName = MyGalleryTest;
			productReference = E9774CA626B31CB20010BC17 /* MyGalleryTest.app */;
			productType = "com.apple.product-type.application";
		};
/* End PBXNativeTarget section */

/* Begin PBXProject section */
		E9774C9E26B31CB20010BC17 /* Project object */ = {
			isa = PBXProject;
			attributes = {
				LastSwiftUpdateCheck = 1250;
				LastUpgradeCheck = 1250;
				TargetAttributes = {
					E9774CA526B31CB20010BC17 = {
						CreatedOnToolsVersion = 12.5;
					};
				};
			};
			buildConfigurationList = E9774CA126B31CB20010BC17 /* Build configuration list for PBXProject "MyGalleryTest" */;
			compatibilityVersion = "Xcode 9.3";
			developmentRegion = en;
			hasScannedForEncodings = 0;
			knownRegions = (
				en,
				Base,
			);
			mainGroup = E9774C9D26B31CB20010BC17;
			productRefGroup = E9774CA726B31CB20010BC17 /* Products */;
			projectDirPath = "";
			projectRoot = "";
			targets = (
				E9774CA526B31CB20010BC17 /* MyGalleryTest */,
			);
		};
/* End PBXProject section */

/* Begin PBXResourcesBuildPhase section */
		E9774CA426B31CB20010BC17 /* Resources */ = {
			isa = PBXResourcesBuildPhase;
			buildActionMask = 2147483647;
			files = (
				E9774CBE26B3255D0010BC17 /* iPad.storyboard in Resources */,
				E9774CB626B31CB30010BC17 /* LaunchScreen.storyboard in Resources */,
				E9774CB326B31CB30010BC17 /* Assets.xcassets in Resources */,
				E9774CB126B31CB20010BC17 /* iPhone.storyboard in Resources */,
			);
			runOnlyForDeploymentPostprocessing = 0;
		};
/* End PBXResourcesBuildPhase section */

/* Begin PBXSourcesBuildPhase section */
		E9774CA226B31CB20010BC17 /* Sources */ = {
			isa = PBXSourcesBuildPhase;
			buildActionMask = 2147483647;
			files = (
				E9774CAE26B31CB20010BC17 /* ViewController.swift in Sources */,
				E9774CAA26B31CB20010BC17 /* AppDelegate.swift in Sources */,
			);
			runOnlyForDeploymentPostprocessing = 0;
		};
/* End PBXSourcesBuildPhase section */

/* Begin PBXVariantGroup section */
		E9774CAF26B31CB20010BC17 /* iPhone.storyboard */ = {
			isa = PBXVariantGroup;
			children = (
				E9774CB026B31CB20010BC17 /* Base */,
			);
			name = iPhone.storyboard;
			sourceTree = "<group>";
		};
		E9774CB426B31CB30010BC17 /* LaunchScreen.storyboard */ = {
			isa = PBXVariantGroup;
			children = (
				E9774CB526B31CB30010BC17 /* Base */,
			);
			name = LaunchScreen.storyboard;
			sourceTree = "<group>";
		};
/* End PBXVariantGroup section */

/* Begin XCBuildConfiguration section */
		E9774CB826B31CB30010BC17 /* Debug */ = {
			isa = XCBuildConfiguration;
			buildSettings = {
				ALWAYS_SEARCH_USER_PATHS = NO;
				CLANG_ANALYZER_NONNULL = YES;
				CLANG_ANALYZER_NUMBER_OBJECT_CONVERSION = YES_AGGRESSIVE;
				CLANG_CXX_LANGUAGE_STANDARD = "gnu++14";
				CLANG_CXX_LIBRARY = "libc++";
				CLANG_ENABLE_MODULES = YES;
				CLANG_ENABLE_OBJC_ARC = YES;
				CLANG_ENABLE_OBJC_WEAK = YES;
				CLANG_WARN_BLOCK_CAPTURE_AUTORELEASING = YES;
				CLANG_WARN_BOOL_CONVERSION = YES;
				CLANG_WARN_COMMA = YES;
				CLANG_WARN_CONSTANT_CONVERSION = YES;
				CLANG_WARN_DEPRECATED_OBJC_IMPLEMENTATIONS = YES;
				CLANG_WARN_DIRECT_OBJC_ISA_USAGE = YES_ERROR;
				CLANG_WARN_DOCUMENTATION_COMMENTS = YES;
				CLANG_WARN_EMPTY_BODY = YES;
				CLANG_WARN_ENUM_CONVERSION = YES;
				CLANG_WARN_INFINITE_RECURSION = YES;
				CLANG_WARN_INT_CONVERSION = YES;
				CLANG_WARN_NON_LITERAL_NULL_CONVERSION = YES;
				CLANG_WARN_OBJC_IMPLICIT_RETAIN_SELF = YES;
				CLANG_WARN_OBJC_LITERAL_CONVERSION = YES;
				CLANG_WARN_OBJC_ROOT_CLASS = YES_ERROR;
				CLANG_WARN_QUOTED_INCLUDE_IN_FRAMEWORK_HEADER = YES;
				CLANG_WARN_RANGE_LOOP_ANALYSIS = YES;
				CLANG_WARN_STRICT_PROTOTYPES = YES;
				CLANG_WARN_SUSPICIOUS_MOVE = YES;
				CLANG_WARN_UNGUARDED_AVAILABILITY = YES_AGGRESSIVE;
				CLANG_WARN_UNREACHABLE_CODE = YES;
				CLANG_WARN__DUPLICATE_METHOD_MATCH = YES;
				COPY_PHASE_STRIP = NO;
				DEBUG_INFORMATION_FORMAT = dwarf;
				ENABLE_STRICT_OBJC_MSGSEND = YES;
				ENABLE_TESTABILITY = YES;
				GCC_C_LANGUAGE_STANDARD = gnu11;
				GCC_DYNAMIC_NO_PIC = NO;
				GCC_NO_COMMON_BLOCKS = YES;
				GCC_OPTIMIZATION_LEVEL = 0;
				GCC_PREPROCESSOR_DEFINITIONS = (
					"DEBUG=1",
					"$(inherited)",
				);
				GCC_WARN_64_TO_32_BIT_CONVERSION = YES;
				GCC_WARN_ABOUT_RETURN_TYPE = YES_ERROR;
				GCC_WARN_UNDECLARED_SELECTOR = YES;
				GCC_WARN_UNINITIALIZED_AUTOS = YES_AGGRESSIVE;
				GCC_WARN_UNUSED_FUNCTION = YES;
				GCC_WARN_UNUSED_VARIABLE = YES;
				IPHONEOS_DEPLOYMENT_TARGET = 13.0;
				MTL_ENABLE_DEBUG_INFO = INCLUDE_SOURCE;
				MTL_FAST_MATH = YES;
				ONLY_ACTIVE_ARCH = YES;
				SDKROOT = iphoneos;
				SWIFT_ACTIVE_COMPILATION_CONDITIONS = DEBUG;
				SWIFT_OPTIMIZATION_LEVEL = "-Onone";
			};
			name = Debug;
		};
		E9774CB926B31CB30010BC17 /* Release */ = {
			isa = XCBuildConfiguration;
			buildSettings = {
				ALWAYS_SEARCH_USER_PATHS = NO;
				CLANG_ANALYZER_NONNULL = YES;
				CLANG_ANALYZER_NUMBER_OBJECT_CONVERSION = YES_AGGRESSIVE;
				CLANG_CXX_LANGUAGE_STANDARD = "gnu++14";
				CLANG_CXX_LIBRARY = "libc++";
				CLANG_ENABLE_MODULES = YES;
				CLANG_ENABLE_OBJC_ARC = YES;
				CLANG_ENABLE_OBJC_WEAK = YES;
				CLANG_WARN_BLOCK_CAPTURE_AUTORELEASING = YES;
				CLANG_WARN_BOOL_CONVERSION = YES;
				CLANG_WARN_COMMA = YES;
				CLANG_WARN_CONSTANT_CONVERSION = YES;
				CLANG_WARN_DEPRECATED_OBJC_IMPLEMENTATIONS = YES;
				CLANG_WARN_DIRECT_OBJC_ISA_USAGE = YES_ERROR;
				CLANG_WARN_DOCUMENTATION_COMMENTS = YES;
				CLANG_WARN_EMPTY_BODY = YES;
				CLANG_WARN_ENUM_CONVERSION = YES;
				CLANG_WARN_INFINITE_RECURSION = YES;
				CLANG_WARN_INT_CONVERSION = YES;
				CLANG_WARN_NON_LITERAL_NULL_CONVERSION = YES;
				CLANG_WARN_OBJC_IMPLICIT_RETAIN_SELF = YES;
				CLANG_WARN_OBJC_LITERAL_CONVERSION = YES;
				CLANG_WARN_OBJC_ROOT_CLASS = YES_ERROR;
				CLANG_WARN_QUOTED_INCLUDE_IN_FRAMEWORK_HEADER = YES;
				CLANG_WARN_RANGE_LOOP_ANALYSIS = YES;
				CLANG_WARN_STRICT_PROTOTYPES = YES;
				CLANG_WARN_SUSPICIOUS_MOVE = YES;
				CLANG_WARN_UNGUARDED_AVAILABILITY = YES_AGGRESSIVE;
				CLANG_WARN_UNREACHABLE_CODE = YES;
				CLANG_WARN__DUPLICATE_METHOD_MATCH = YES;
				COPY_PHASE_STRIP = NO;
				DEBUG_INFORMATION_FORMAT = "dwarf-with-dsym";
				ENABLE_NS_ASSERTIONS = NO;
				ENABLE_STRICT_OBJC_MSGSEND = YES;
				GCC_C_LANGUAGE_STANDARD = gnu11;
				GCC_NO_COMMON_BLOCKS = YES;
				GCC_WARN_64_TO_32_BIT_CONVERSION = YES;
				GCC_WARN_ABOUT_RETURN_TYPE = YES_ERROR;
				GCC_WARN_UNDECLARED_SELECTOR = YES;
				GCC_WARN_UNINITIALIZED_AUTOS = YES_AGGRESSIVE;
				GCC_WARN_UNUSED_FUNCTION = YES;
				GCC_WARN_UNUSED_VARIABLE = YES;
				IPHONEOS_DEPLOYMENT_TARGET = 13.0;
				MTL_ENABLE_DEBUG_INFO = NO;
				MTL_FAST_MATH = YES;
				SDKROOT = iphoneos;
				SWIFT_COMPILATION_MODE = wholemodule;
				SWIFT_OPTIMIZATION_LEVEL = "-O";
				VALIDATE_PRODUCT = YES;
			};
			name = Release;
		};
		E9774CBB26B31CB30010BC17 /* Debug */ = {
			isa = XCBuildConfiguration;
			buildSettings = {
				ASSETCATALOG_COMPILER_APPICON_NAME = AppIcon;
				ASSETCATALOG_COMPILER_GLOBAL_ACCENT_COLOR_NAME = AccentColor;
				CODE_SIGN_STYLE = Automatic;
				DEVELOPMENT_TEAM = VKVBX8RQ53;
				INFOPLIST_FILE = MyGalleryTest/Info.plist;
				IPHONEOS_DEPLOYMENT_TARGET = 13.0;
				LD_RUNPATH_SEARCH_PATHS = (
					"$(inherited)",
					"@executable_path/Frameworks",
				);
				PRODUCT_BUNDLE_IDENTIFIER = com.pavelspitsin.MyGalleryTest;
				PRODUCT_NAME = "$(TARGET_NAME)";
				SWIFT_VERSION = 5.0;
				TARGETED_DEVICE_FAMILY = "1,2";
			};
			name = Debug;
		};
		E9774CBC26B31CB30010BC17 /* Release */ = {
			isa = XCBuildConfiguration;
			buildSettings = {
				ASSETCATALOG_COMPILER_APPICON_NAME = AppIcon;
				ASSETCATALOG_COMPILER_GLOBAL_ACCENT_COLOR_NAME = AccentColor;
				CODE_SIGN_STYLE = Automatic;
				DEVELOPMENT_TEAM = VKVBX8RQ53;
				INFOPLIST_FILE = MyGalleryTest/Info.plist;
				IPHONEOS_DEPLOYMENT_TARGET = 13.0;
				LD_RUNPATH_SEARCH_PATHS = (
					"$(inherited)",
					"@executable_path/Frameworks",
				);
				PRODUCT_BUNDLE_IDENTIFIER = com.pavelspitsin.MyGalleryTest;
				PRODUCT_NAME = "$(TARGET_NAME)";
				SWIFT_VERSION = 5.0;
				TARGETED_DEVICE_FAMILY = "1,2";
			};
			name = Release;
		};
/* End XCBuildConfiguration section */

/* Begin XCConfigurationList section */
		E9774CA126B31CB20010BC17 /* Build configuration list for PBXProject "MyGalleryTest" */ = {
			isa = XCConfigurationList;
			buildConfigurations = (
				E9774CB826B31CB30010BC17 /* Debug */,
				E9774CB926B31CB30010BC17 /* Release */,
			);
			defaultConfigurationIsVisible = 0;
			defaultConfigurationName = Release;
		};
		E9774CBA26B31CB30010BC17 /* Build configuration list for PBXNativeTarget "MyGalleryTest" */ = {
			isa = XCConfigurationList;
			buildConfigurations = (
				E9774CBB26B31CB30010BC17 /* Debug */,
				E9774CBC26B31CB30010BC17 /* Release */,
			);
			defaultConfigurationIsVisible = 0;
			defaultConfigurationName = Release;
		};
/* End XCConfigurationList section */
	};
	rootObject = E9774C9E26B31CB20010BC17 /* Project object */;
}
